{
  "lockfileVersion": 1,
  "configVersion": 0,
  "workspaces": {
    "": {
      "name": "console-monorepo",
      "devDependencies": {
        "@types/bun": "^1.4.0",
        "@types/node": "^26.1.1",
        "typescript": "~5.9.2",
      },
    },
    "apps/cli": {
      "name": "@console/cli",
      "version": "1.0.0",
      "bin": {
        "console": "./index.ts",
      },
      "dependencies": {
        "@console/types": "*",
        "commander": "^12.1.0",
      },
    },
    "apps/server": {
      "name": "@console/server",
      "version": "1.0.0",
      "dependencies": {
        "@ai-sdk/openai": "^4.0.57",
        "@ai-sdk/openai-compatible": "^3.0.25",
        "@ai-sdk/provider-utils": "^5.0.36",
        "@console/types": "*",
        "@console/utils": "*",
        "@ff-labs/fff-node": "^0.10.0",
        "@iarna/toml": "^2.2.5",
        "agent-device": "^0.21.1",
        "ai": "^7.0.55",
        "hono": "^4.4.12",
        "serve-sim": "^0.1.46",
        "zod": "^3.23.8",
        "zod-to-json-schema": "^3.25.2",
      },
      "devDependencies": {
        "@types/node": "^26.1.1",
        "typescript": "~5.9.2",
      },
    },
    "packages/api": {
      "name": "@console/api",
      "version": "1.0.0",
      "dependencies": {
        "@console/types": "*",
        "@tanstack/react-query": "^5.51.1",
        "axios": "^1.7.2",
      },
      "devDependencies": {
        "typescript": "~5.9.2",
      },
      "peerDependencies": {
        "react": "^18.0.0 || ^19.1.0",
      },
    },
    "packages/types": {
      "name": "@console/types",
      "version": "1.0.0",
      "dependencies": {
        "zod": "^3.23.8",
      },
      "devDependencies": {
        "typescript": "~5.9.2",
      },
    },
    "packages/utils": {
      "name": "@console/utils",
      "version": "1.0.0",
      "dependencies": {
        "@console/types": "*",
      },
      "devDependencies": {
        "typescript": "~5.9.2",
      },
    },
  },
  "packages": {
    "@ai-sdk/gateway": ["@ai-sdk/gateway@4.0.75", "", { "dependencies": { "@ai-sdk/provider": "4.0.10", "@ai-sdk/provider-utils": "5.0.36", "@vercel/oidc": "3.2.0" }, "peerDependencies": { "zod": "^3.25.76 || ^4.1.8" } }, "sha512-HOnhw3oXtBnboBF7kAKipjToCN6+5w6EuukiUKiULcxBitS+vbHRRv9IUBcq+Z1wkXcJjfywKrt5r++I6OYyXg=="],

    "@ai-sdk/openai": ["@ai-sdk/openai@4.0.60", "", { "dependencies": { "@ai-sdk/provider": "4.0.10", "@ai-sdk/provider-utils": "5.0.36" }, "peerDependencies": { "zod": "^3.25.76 || ^4.1.8" } }, "sha512-Wx8bRN/zD+jDujT7HDbU1tC66h0a5kNEMG1DDrILfUgil56IJ9JMeBrzGqDw56IspmcXFG6uRpRnuK8AEQeKgg=="],

    "@ai-sdk/openai-compatible": ["@ai-sdk/openai-compatible@3.0.44", "", { "dependencies": { "@ai-sdk/provider": "4.0.10", "@ai-sdk/provider-utils": "5.0.36" }, "peerDependencies": { "zod": "^3.25.76 || ^4.1.8" } }, "sha512-pK7mERd/aIJVtyQCe/nV3G3iEJCY1no8GHDOGbgpNC+petjSfsxj+ni0Q8WVVehTUiY9B04F3Xvir+icBgORCg=="],

    "@ai-sdk/provider": ["@ai-sdk/provider@4.0.10", "", { "dependencies": { "json-schema": "^0.4.0" } }, "sha512-fX2ENAc7iDpZ+Wp4+Rk06Usn/Ys7dI9uAkGv0jlF6XVrW13NkRWx5Ou+U6lIM2E1fTLkCs16GGrUAaVvroag7A=="],

    "@ai-sdk/provider-utils": ["@ai-sdk/provider-utils@5.0.36", "", { "dependencies": { "@ai-sdk/provider": "4.0.10", "@standard-schema/spec": "^1.1.0", "@workflow/serde": "4.1.0", "eventsource-parser": "^3.0.8", "undici": "^7.29.0" }, "peerDependencies": { "zod": "^3.25.76 || ^4.1.8" } }, "sha512-MFXBn6XDyf37PNQAge/HTatPJE8Vmg/g/w4WPtjSV53jq8FKAzoaN5+43hsdQa9bqgN+/13jxug9ChvsG+godQ=="],

    "@console/api": ["@console/api@workspace:packages/api"],

    "@console/cli": ["@console/cli@workspace:apps/cli"],

    "@console/server": ["@console/server@workspace:apps/server"],

    "@console/types": ["@console/types@workspace:packages/types"],

    "@console/utils": ["@console/utils@workspace:packages/utils"],

    "@ff-labs/fff-bin-android-arm64": ["@ff-labs/fff-bin-android-arm64@0.10.6", "", { "os": "android", "cpu": "arm64" }, "sha512-hGOo0wlxdhObNdK9lTNhNIrzOs99l352E0QqglD/3H1B6LsSVoVHxNeR09RmiSoIM1lOJ+FnkpXOJ5EZXSGl0w=="],

    "@ff-labs/fff-bin-darwin-arm64": ["@ff-labs/fff-bin-darwin-arm64@0.10.6", "", { "os": "darwin", "cpu": "arm64" }, "sha512-Y0A1f9/UHYg0ej35rnt8Q2A2DMbBzRa4Fc9WpoBST/oVvWOQ7v5JF5ko7NAapOFM0N5oaB9oey1Hsshs6LIyYA=="],

    "@ff-labs/fff-bin-darwin-x64": ["@ff-labs/fff-bin-darwin-x64@0.10.6", "", { "os": "darwin", "cpu": "x64" }, "sha512-qQnmQWnotuOne10vtVHoMKTxCSANaJ3a/cegBKvfN8cZCr4b4Vtg51APADh8U3AwsI/k61rJQgjy6BqdBYj3cw=="],

    "@ff-labs/fff-bin-linux-arm64-gnu": ["@ff-labs/fff-bin-linux-arm64-gnu@0.10.6", "", { "os": "linux", "cpu": "arm64" }, "sha512-JwfgfwL4V0+tJCc1HW3In++1c+EZLix0ecV/k4b+8DyzSGh3GPZB1i7F4JXQFHVibs71mLeFEJO4owglullZNw=="],

    "@ff-labs/fff-bin-linux-arm64-musl": ["@ff-labs/fff-bin-linux-arm64-musl@0.10.6", "", { "os": "linux", "cpu": "arm64" }, "sha512-g0ggmohZiVkNQsNho1r6I06sk8jlKmb8gzmmgL8HeDcaxyiZnxQrqxHmvwROP7T0scEbZGSOle/gyyqfcBRvjg=="],

    "@ff-labs/fff-bin-linux-x64-gnu": ["@ff-labs/fff-bin-linux-x64-gnu@0.10.6", "", { "os": "linux", "cpu": "x64" }, "sha512-oC8Tlg/+aNbdfEkj4QtVCbrqYUEjQZkP/e1KLwv142+dwjgxHQKQGSIKB67IvP07DKazvUG/0I0YR91dP/ClLA=="],

    "@ff-labs/fff-bin-linux-x64-musl": ["@ff-labs/fff-bin-linux-x64-musl@0.10.6", "", { "os": "linux", "cpu": "x64" }, "sha512-voj2gFq6knjzXKNy2k7EyqoXizv/VZbJ6bfq7enMI5T+tCM0cKlSEjwlBOMaVj+cxrh6fSb5vnnPjhBSuZcxmA=="],

    "@ff-labs/fff-bin-win32-arm64": ["@ff-labs/fff-bin-win32-arm64@0.10.6", "", { "os": "win32", "cpu": "arm64" }, "sha512-GFfA21vuxcyqZZ2pSq7V5ClAKIVrWLulK5h93wjUc308zyxApY2luJdyIBHtw93UTkJQ079mRMPIthkeCEEn9A=="],

    "@ff-labs/fff-bin-win32-x64": ["@ff-labs/fff-bin-win32-x64@0.10.6", "", { "os": "win32", "cpu": "x64" }, "sha512-EjOHtxRNmZnjrNx2fahiAhP2wLDad6tlLL3cIk3snEzHpP30VygZMcuq3u8fNBZOeHgEPGRnqkfhILQDyblvJQ=="],

    "@ff-labs/fff-node": ["@ff-labs/fff-node@0.10.6", "", { "dependencies": { "ffi-rs": "^1.0.0" }, "optionalDependencies": { "@ff-labs/fff-bin-android-arm64": "0.10.6", "@ff-labs/fff-bin-darwin-arm64": "0.10.6", "@ff-labs/fff-bin-darwin-x64": "0.10.6", "@ff-labs/fff-bin-linux-arm64-gnu": "0.10.6", "@ff-labs/fff-bin-linux-arm64-musl": "0.10.6", "@ff-labs/fff-bin-linux-x64-gnu": "0.10.6", "@ff-labs/fff-bin-linux-x64-musl": "0.10.6", "@ff-labs/fff-bin-win32-arm64": "0.10.6", "@ff-labs/fff-bin-win32-x64": "0.10.6" }, "os": [ "!aix", "!sunos", "!freebsd", "!openbsd", ], "cpu": [ "x64", "arm64", ] }, "sha512-TYp7dgX7IIwwvYTCCHmPs+Ymt/z9w6+kKDfwZhFgU7pFBIHPkmQbLwuwQdUvngvZMgUuHyKTo7irzinjT8UWgQ=="],

    "@iarna/toml": ["@iarna/toml@2.2.5", "", {}, "sha512-trnsAYxU3xnS1gPHPyU961coFyLkh4gAD/0zQ5mymY4yOZ+CYvsPqUbOFSw0aDM4y0tV7tiFxL/1XfXPNC6IPg=="],

    "@standard-schema/spec": ["@standard-schema/spec@1.1.0", "", {}, "sha512-l2aFy5jALhniG5HgqrD6jXLi/rUWrKvqN/qJx6yoJsgKhblVd+iqqU4RCXavm/jPityDo5TCvKMnpjKnOriy0w=="],

    "@tanstack/query-core": ["@tanstack/query-core@5.102.8", "", {}, "sha512-ZNjkJ33CqvPNec/6lZBnHqLc3EVGPZ9ySLhYahU9TcuRFdmwXewuj0c4hwSWcGHqEUwcSrKeZ+oGcvPBqXcQcg=="],

    "@tanstack/react-query": ["@tanstack/react-query@5.102.8", "", { "dependencies": { "@tanstack/query-core": "5.102.8" }, "peerDependencies": { "react": "^18 || ^19" } }, "sha512-TYBea4OuXWD7MhaSHq069TWbFe7rcwWN6kzT7JF0OKi1K6c1gTv2IzD6A6ExJsCMozdkqBWeuIUZmu4KQg0O5A=="],

    "@types/bun": ["@types/bun@1.4.1", "", { "dependencies": { "bun-types": "1.4.1" } }, "sha512-0AVGiTXGajf1rgKom3N+c5L7CBxuoyyv1i44M0nX4UDK0G/fnRAMiri93nHuVPIb429KKtAgj7HatVmmOjeQLA=="],

    "@types/node": ["@types/node@26.5.0", "", { "dependencies": { "undici-types": "~8.9.0" } }, "sha512-dVSGpriSoCgz8WnDNTuSSuSv1PC/ALXihO4ulRZt7Md8k9mlbdin3lGOcDE8SnWOgf513ByWlXd7BK4azmyg/A=="],

    "@vercel/oidc": ["@vercel/oidc@3.2.0", "", {}, "sha512-UycprH3T6n3jH0k44NHMa7pnFHGu/N05MjojYr+Mc6I7obkoLIJujSWwin1pCvdy/eOxrI/l3uDLQsmcrOb4ug=="],

    "@workflow/serde": ["@workflow/serde@4.1.0", "", {}, "sha512-pav4F2BoirECWR7Nf1TKt+2eETcBj7jj4cBefQ8VXQCA6NPkaKeLfj/zMgi+3zYV5ZIBT4GuUiphsj0/b9hPQQ=="],

    "@yuuang/ffi-rs-android-arm64": ["@yuuang/ffi-rs-android-arm64@1.3.7", "", { "os": "android", "cpu": "arm64" }, "sha512-t6Wx3Xll6c07Nuk0k3xnZsxKFxlshm92i0U/BiTHc6kQbvu+fMJF+gKsj4yEj886jH51CM3EqZT9Xdhq9CdUVw=="],

    "@yuuang/ffi-rs-darwin-arm64": ["@yuuang/ffi-rs-darwin-arm64@1.3.7", "", { "os": "darwin", "cpu": "arm64" }, "sha512-OueBlUFBT9IwD9pQnoYs0UszRBEySskfrEPXXfvKfGjL/DXnfn6kUheQ3oIP6sSmshVGNQUwrTCPo6feAa4QjA=="],

    "@yuuang/ffi-rs-darwin-x64": ["@yuuang/ffi-rs-darwin-x64@1.3.7", "", { "os": "darwin", "cpu": "x64" }, "sha512-x4mxXOKwSgwYx6OBAKrW+Ocp8um2KoPpUwaD0Z2tmR6EekoRvFGN7s/eEK1avqCxcsLN7/MzGOnCCFyGpOVfPA=="],

    "@yuuang/ffi-rs-linux-arm-gnueabihf": ["@yuuang/ffi-rs-linux-arm-gnueabihf@1.3.7", "", { "os": "linux", "cpu": "arm" }, "sha512-9r//Z022QYVoIAY458Dpk8HWkisk/y4NJC3d52RlkdsLD+9p0zn0cKKSoMF/xUsOWDFSmOf+cwU/Xadi/wxFMQ=="],

    "@yuuang/ffi-rs-linux-arm64-gnu": ["@yuuang/ffi-rs-linux-arm64-gnu@1.3.7", "", { "os": "linux", "cpu": "arm64" }, "sha512-nrW4MlFlyQInfxTsI5wtcIpbV4KlHLWo2BCk4CHIETlUT+PUspNFqDg+Byy7My3hpCZlXp0WsMVP/3N0LlybNw=="],

    "@yuuang/ffi-rs-linux-arm64-musl": ["@yuuang/ffi-rs-linux-arm64-musl@1.3.7", "", { "os": "linux", "cpu": "arm64" }, "sha512-eLLx4P8DzNnuPif19nAvKPaf88lSf6KFbDetH3nAIRZvI495h0jigN835Ayr7uAADssohGfO9MPMH33DXmFErA=="],

    "@yuuang/ffi-rs-linux-x64-gnu": ["@yuuang/ffi-rs-linux-x64-gnu@1.3.7", "", { "os": "linux", "cpu": "x64" }, "sha512-upEz1Q98T51x2In872fsjgHCJbE3e8r9JxhJD+5NvSMk6BpieYWRodTbsMxV6oKWmfl12loKwF2j4OBSWKl0lA=="],

    "@yuuang/ffi-rs-linux-x64-musl": ["@yuuang/ffi-rs-linux-x64-musl@1.3.7", "", { "os": "linux", "cpu": "x64" }, "sha512-YOcOkIwVvIhpwuGJ428h15vpE0KnT3teFG0g2J31FrBxrVh9IH4HeTGXjelI3l9SI5gyiZDnD4PQnQ1U6oqTcA=="],

    "@yuuang/ffi-rs-win32-arm64-msvc": ["@yuuang/ffi-rs-win32-arm64-msvc@1.3.7", "", { "os": "win32", "cpu": "arm64" }, "sha512-ZfYzLV1w7Mhzh9XRScEMpw9oazIEiwO+0+TYHHRL882d5oD0Q99YikmRhdifsoHCCQefKmWF/4BXCeFkzg8NFA=="],

    "@yuuang/ffi-rs-win32-ia32-msvc": ["@yuuang/ffi-rs-win32-ia32-msvc@1.3.7", "", { "os": "win32", "cpu": [ "x64", "ia32", ] }, "sha512-ifYz+f+giKpT39lKWDru+om6QnA9J7J953ns60xHgB46ESZvPd/Y2W5+PesRNC9U+vnFEiLZ9CNC+R3fBWC1pg=="],

    "@yuuang/ffi-rs-win32-x64-msvc": ["@yuuang/ffi-rs-win32-x64-msvc@1.3.7", "", { "os": "win32", "cpu": "x64" }, "sha512-H3s4wOLtZtKtmuPjUNE+bhnSKxxpXcuxG70jRC8dUMHqIm5iCvdoZ4XYDeq7/uUYlySerXFmRL4dAVCX/TUNTg=="],

    "agent-base": ["agent-base@6.0.2", "", { "dependencies": { "debug": "4" } }, "sha512-RZNwNclF7+MS/8bDg70amg32dyeZGZxiDuQmZxKLAlQjr3jGyLx+4Kkk58UO7D2QdgFIQCovuSuZESne6RG6XQ=="],

    "agent-device": ["agent-device@0.21.1", "", { "peerDependencies": { "ai": "^6.0.0 || ^7.0.0" }, "optionalPeers": ["ai"], "bin": { "agent-device": "bin/agent-device.mjs" } }, "sha512-vFhcqkQlusuOHR389h7WLhINfLdsMie3D5YPYNm8OOIjh4iy/YCQtNoKVqxQ+zeTrYZMOBxbWEHnL07/WVzTPA=="],

    "ai": ["ai@7.0.93", "", { "dependencies": { "@ai-sdk/gateway": "4.0.75", "@ai-sdk/provider": "4.0.10", "@ai-sdk/provider-utils": "5.0.36" }, "peerDependencies": { "zod": "^3.25.76 || ^4.1.8" } }, "sha512-CJss6zb9mlltk/mCr8qom20NBnqEQxVawkqwtT62tCwsxilZpXfHNRMRwcS3XRpzdP1kEluVuDBUayYWEEd95g=="],

    "asynckit": ["asynckit@0.4.0", "", {}, "sha512-Oei9OH4tRh0YqU3GxhX79dM/mwVgvbZJaSNaRk+bshkj0S5cfHcgYakreBjrHwatXKbz+IoIdYLxrKim2MjW0Q=="],

    "axios": ["axios@1.20.0", "", { "dependencies": { "follow-redirects": "^1.16.0", "form-data": "^4.0.6", "https-proxy-agent": "^5.0.1", "proxy-from-env": "^2.1.0" } }, "sha512-r8aOh8j9cGKpgQAqpzrUHnSIc6a59Y3Xf/cv8sy1DrHCkZHzQGEuoq1tARk6qSyDdtQGSDgpb9kFlruzPvrgwg=="],

    "bun-types": ["bun-types@1.4.1", "", { "dependencies": { "@types/node": "*" } }, "sha512-loKuVrAFZKfEv+JvWkHRS9GW5IqLuLRjVXN9p+vZvBN86O5hf/pBZQ5hSoyipsrMmWObZBDvWnlmKvjKTM0PdA=="],

    "call-bind-apply-helpers": ["call-bind-apply-helpers@1.0.2", "", { "dependencies": { "es-errors": "^1.3.0", "function-bind": "^1.1.2" } }, "sha512-Sp1ablJ0ivDkSzjcaJdxEunN5/XvksFJ2sMBFfq6x0ryhQV/2b/KwFe21cMpmHtPOSij8K99/wSfoEuTObmuMQ=="],

    "combined-stream": ["combined-stream@1.0.8", "", { "dependencies": { "delayed-stream": "~1.0.0" } }, "sha512-FQN4MRfuJeHf7cBbBMJFXhKSDq+2kAArBlmRBvcvFE5BB1HZKXtSFASDhdlz9zOYwxh8lDdnvmMOe/+5cdoEdg=="],

    "commander": ["commander@12.1.0", "", {}, "sha512-Vw8qHK3bZM9y/P10u3Vib8o/DdkvA2OtPtZvD871QKjy74Wj1WSKFILMPRPSdUSx5RFK1arlJzEtA4PkFgnbuA=="],

    "debug": ["debug@4.4.3", "", { "dependencies": { "ms": "^2.1.3" } }, "sha512-RGwwWnwQvkVfavKVt22FGLw+xYSdzARwm0ru6DhTVA3umU5hZc28V3kO4stgYryrTlLpuvgI9GiijltAjNbcqA=="],

    "delayed-stream": ["delayed-stream@1.0.0", "", {}, "sha512-ZySD7Nf91aLB0RxL4KGrKHBXl7Eds1DAmEdcoVawXnLD7SDhpNgtuII2aAkg7a7QS41jxPSZ17p4VdGnMHk3MQ=="],

    "dunder-proto": ["dunder-proto@1.0.1", "", { "dependencies": { "call-bind-apply-helpers": "^1.0.1", "es-errors": "^1.3.0", "gopd": "^1.2.0" } }, "sha512-KIN/nDJBQRcXw0MLVhZE9iQHmG68qAVIBg9CqmUYjmQIhgij9U5MFvrqkUL5FbtyyzZuOeOt0zdeRe4UY7ct+A=="],

    "es-define-property": ["es-define-property@1.0.1", "", {}, "sha512-e3nRfgfUZ4rNGL232gUgX06QNyyez04KdjFrF+LTRoOXmrOgFKDg4BCdsjW8EnT69eqdYGmRpJwiPVYNrCaW3g=="],

    "es-errors": ["es-errors@1.3.0", "", {}, "sha512-Zf5H2Kxt2xjTvbJvP2ZWLEICxA6j+hAmMzIlypy4xcBg1vKVnx89Wy0GbS+kf5cwCVFFzdCFh2XSCFNULS6csw=="],

    "es-object-atoms": ["es-object-atoms@1.1.2", "", { "dependencies": { "es-errors": "^1.3.0" } }, "sha512-HWcBoN6NileqtSydK2FqHbS/LoDd2pqrnQHLyJzBj4kOp/ky2MWMN694xOfkK8/SnUsW2DH7EfyVlydKCsm1Zw=="],

    "es-set-tostringtag": ["es-set-tostringtag@2.1.0", "", { "dependencies": { "es-errors": "^1.3.0", "get-intrinsic": "^1.2.6", "has-tostringtag": "^1.0.2", "hasown": "^2.0.2" } }, "sha512-j6vWzfrGVfyXxge+O0x5sh6cvxAog0a/4Rdd2K36zCMV5eJ+/+tOAngRO8cODMNWbVRdVlmGZQL2YS3yR8bIUA=="],

    "eventsource-parser": ["eventsource-parser@3.1.1", "", {}, "sha512-EKN1vKAMcZ8MlYMpaNuxN6R9yakzH6uajHcHVTqWJzvu5pWw9DyhbP35HH8MVBQ+dZjAfDxk+A8NiR9KWaXiyQ=="],

    "ffi-rs": ["ffi-rs@1.3.7", "", { "optionalDependencies": { "@yuuang/ffi-rs-android-arm64": "1.3.7", "@yuuang/ffi-rs-darwin-arm64": "1.3.7", "@yuuang/ffi-rs-darwin-x64": "1.3.7", "@yuuang/ffi-rs-linux-arm-gnueabihf": "1.3.7", "@yuuang/ffi-rs-linux-arm64-gnu": "1.3.7", "@yuuang/ffi-rs-linux-arm64-musl": "1.3.7", "@yuuang/ffi-rs-linux-x64-gnu": "1.3.7", "@yuuang/ffi-rs-linux-x64-musl": "1.3.7", "@yuuang/ffi-rs-win32-arm64-msvc": "1.3.7", "@yuuang/ffi-rs-win32-ia32-msvc": "1.3.7", "@yuuang/ffi-rs-win32-x64-msvc": "1.3.7" } }, "sha512-5MMZQS2t/6f/ec3sx0f51gBcKGZPGfolPAW04lvLOSYnr7gmOKs8YzH1Rh+34WGO+VtcgcTuxaUUoJLcR4Tirg=="],

    "follow-redirects": ["follow-redirects@1.16.0", "", {}, "sha512-y5rN/uOsadFT/JfYwhxRS5R7Qce+g3zG97+JrtFZlC9klX/W5hD7iiLzScI4nZqUS7DNUdhPgw4xI8W2LuXlUw=="],

    "form-data": ["form-data@4.0.6", "", { "dependencies": { "asynckit": "^0.4.0", "combined-stream": "^1.0.8", "es-set-tostringtag": "^2.1.0", "hasown": "^2.0.4", "mime-types": "^2.1.35" } }, "sha512-vKatAh4SlVfgbv+YtmhiRjhEMJsYpsG1Y2rMQtR+SVSbytsSD1YGzDIcrAJmdFec88u/+VoGmxnl+80gL1tRCQ=="],

    "function-bind": ["function-bind@1.1.2", "", {}, "sha512-7XHNxH7qX9xG5mIwxkhumTox/MIRNcOgDrxWsMt2pAr23WHp6MrRlN7FBSFpCpr+oVO0F744iUgR82nJMfG2SA=="],

    "get-intrinsic": ["get-intrinsic@1.3.0", "", { "dependencies": { "call-bind-apply-helpers": "^1.0.2", "es-define-property": "^1.0.1", "es-errors": "^1.3.0", "es-object-atoms": "^1.1.1", "function-bind": "^1.1.2", "get-proto": "^1.0.1", "gopd": "^1.2.0", "has-symbols": "^1.1.0", "hasown": "^2.0.2", "math-intrinsics": "^1.1.0" } }, "sha512-9fSjSaos/fRIVIp+xSJlE6lfwhES7LNtKaCBIamHsjr2na1BiABJPo0mOjjz8GJDURarmCPGqaiVg5mfjb98CQ=="],

    "get-proto": ["get-proto@1.0.1", "", { "dependencies": { "dunder-proto": "^1.0.1", "es-object-atoms": "^1.0.0" } }, "sha512-sTSfBjoXBp89JvIKIefqw7U2CCebsc74kiY6awiGogKtoSGbgjYE/G/+l9sF3MWFPNc9IcoOC4ODfKHfxFmp0g=="],

    "gopd": ["gopd@1.2.0", "", {}, "sha512-ZUKRh6/kUFoAiTAtTYPZJ3hw9wNxx+BIBOijnlG9PnrJsCcSjs1wyyD6vJpaYtgnzDrKYRSqf3OO6Rfa93xsRg=="],

    "has-symbols": ["has-symbols@1.1.0", "", {}, "sha512-1cDNdwJ2Jaohmb3sg4OmKaMBwuC48sYni5HUw2DvsC8LjGTLK9h+eb1X6RyuOHe4hT0ULCW68iomhjUoKUqlPQ=="],

    "has-tostringtag": ["has-tostringtag@1.0.2", "", { "dependencies": { "has-symbols": "^1.0.3" } }, "sha512-NqADB8VjPFLM2V0VvHUewwwsw0ZWBaIdgo+ieHtK3hasLz4qeCRjYcqfB6AQrBggRKppKF8L52/VqdVsO47Dlw=="],

    "hasown": ["hasown@2.0.4", "", { "dependencies": { "function-bind": "^1.1.2" } }, "sha512-T2UbfbBEF32wiepXIsMlTW9+dDYC6wMh/t/vYA4tuOMKqWz/n3vr1NFSxQiyP+zk2mXsoMA/i/7qV6LKut1t1A=="],

    "hono": ["hono@4.13.7", "", {}, "sha512-c8/gF9ac8Y78/agExVocyLevgR+JlpNB444Py0FSX8pJoPdYUfUzRcXtYEYGwt6l19qIlVZPN5Mfsw9jFShmQQ=="],

    "https-proxy-agent": ["https-proxy-agent@5.0.1", "", { "dependencies": { "agent-base": "6", "debug": "4" } }, "sha512-dFcAjpTQFgoLMzC2VwU+C/CbS7uRL0lWmxDITmqm7C+7F0Odmj6s9l6alZc6AELXhrnggM2CeWSXHGOdX2YtwA=="],

    "inspect-webkit": ["inspect-webkit@0.0.5", "", { "peerDependencies": { "typescript": "^5" }, "bin": { "inspect-webkit": "dist/cli.js" } }, "sha512-584wP/2nJO1LX74nqHP2j0tQzlK9ZTi+D0Z9qeLQjtUR/LCMXQHGX8M0vrsqBwTeGakF7q5GMFpg81nxUYlCvw=="],

    "json-schema": ["json-schema@0.4.0", "", {}, "sha512-es94M3nTIfsEPisRafak+HDLfHXnKBhV3vU5eqPcS3flIWqcxJWgXHXiey3YrpaNsanY5ei1VoYEbOzijuq9BA=="],

    "math-intrinsics": ["math-intrinsics@1.1.0", "", {}, "sha512-/IXtbwEk5HTPyEwyKX6hGkYXxM9nbj64B+ilVJnC/R6B0pH5G4V3b0pVbL7DBj4tkhBAppbQUlf6F6Xl9LHu1g=="],

    "mime-db": ["mime-db@1.52.0", "", {}, "sha512-sPU4uV7dYlvtWJxwwxHD0PuihVNiE7TyAbQ5SWxDCB9mUYvOgroQOwYQQOKPJ8CIbE+1ETVlOoK1UC2nU3gYvg=="],

    "mime-types": ["mime-types@2.1.35", "", { "dependencies": { "mime-db": "1.52.0" } }, "sha512-ZDY+bPm5zTTF+YpCrAU9nK0UgICYPT0QtT1NZWFv4s++TNkcgVaT0g6+4R2uI4MjQjzysHB1zxuWL50hzaeXiw=="],

    "ms": ["ms@2.1.3", "", {}, "sha512-6FlzubTLZG3J2a/NVCAleEhjzq5oxgHyaCU9yYXvcLsvoVaHJq/s5xXI6/XXP6tz7R9xAOtHnSO/tXtF3WRTlA=="],

    "proxy-from-env": ["proxy-from-env@2.1.0", "", {}, "sha512-cJ+oHTW1VAEa8cJslgmUZrc+sjRKgAKl3Zyse6+PV38hZe/V6Z14TbCuXcan9F9ghlz4QrFr2c92TNF82UkYHA=="],

    "react": ["react@19.2.3", "", {}, "sha512-Ku/hhYbVjOQnXDZFv2+RibmLFGwFdeeKHFcOTlrt7xplBnya5OGn/hIRDsqDiSUcfORsDC7MPxwork8jBwsIWA=="],

    "react-dom": ["react-dom@19.2.3", "", { "dependencies": { "scheduler": "^0.27.0" }, "peerDependencies": { "react": "^19.2.3" } }, "sha512-yELu4WmLPw5Mr/lmeEpox5rw3RETacE++JgHqQzd2dg+YbJuat3jH4ingc+WPZhxaoFzdv9y33G+F7Nl5O0GBg=="],

    "scheduler": ["scheduler@0.27.0", "", {}, "sha512-eNv+WrVbKu1f3vbYJT/xtiF5syA5HPIMtf9IgY/nKg0sWqzAUEvqY/xm7OcZc/qafLx/iO9FgOmeSAp4v5ti/Q=="],

    "serve-sim": ["serve-sim@0.1.46", "", { "dependencies": { "inspect-webkit": "^0.0.5", "sonner": "^2.0.7", "ws": "^8.21.0" }, "bin": { "serve-sim": "dist/serve-sim.js" } }, "sha512-zdKNOv+6qbdCkhtUMEbzX0ymrb2EJK54dZvs+n3YOK15LEcpapGA9/NpSSYEphpI420kTgUWqKNmkxLoWWaVzg=="],

    "sonner": ["sonner@2.0.8", "", { "peerDependencies": { "@types/react": "^18.0.0 || ^19.0.0", "react": "^18.0.0 || ^19.0.0 || ^19.0.0-rc", "react-dom": "^18.0.0 || ^19.0.0 || ^19.0.0-rc" }, "optionalPeers": ["@types/react"] }, "sha512-UM/ByIoFra8yzV75n1o0Puu0bw5U/9UNnDacrJNspekBewIfsQ3D6ez1nvlWpt7aTsO6rujQtifBpycwIivqlg=="],

    "typescript": ["typescript@5.9.3", "", { "bin": { "tsc": "bin/tsc", "tsserver": "bin/tsserver" } }, "sha512-jl1vZzPDinLr9eUt3J/t7V6FgNEw9QjvBPdysz9KfQDD41fQrC2Y4vKQdiaUpFT4bXlb1RHhLpp8wtm6M5TgSw=="],

    "undici": ["undici@7.29.1", "", {}, "sha512-RYONW2MeafgYlkVOKYKkA/Ag7BmXqgIWCa8t1m0JcxrQg9pI9lEqRhAOruOBCbAohOa/gkCF+iPi9hrgvTzu6Q=="],

    "undici-types": ["undici-types@8.9.0", "", {}, "sha512-KTDyRTYX8sWmKXAikPHHSyc63CRPETMctyjKFupcC6OBLXT3xsN0e9aF7m+mIXutFWpUXuedtowG7iLOzp0kQg=="],

    "ws": ["ws@8.21.3", "", { "peerDependencies": { "bufferutil": "^4.0.1", "utf-8-validate": ">=5.0.2" }, "optionalPeers": ["bufferutil", "utf-8-validate"] }, "sha512-201TZ/kPWxoPr/OKWjquZR1SWKXcvxdH+e1xrx89b3YbmzLMFCLfnaG1HFIgWzJOEWZ7MvpK++odZufgYR50Rw=="],

    "zod": ["zod@3.25.76", "", {}, "sha512-gzUt/qt81nXsFGKIFcC3YnfEAx5NkunCfnDlvuBSSFS02bcXu4Lmea0AFIUwbLWxWPx3d9p8S5QoaujKcNQxcQ=="],

    "zod-to-json-schema": ["zod-to-json-schema@3.25.2", "", { "peerDependencies": { "zod": "^3.25.28 || ^4" } }, "sha512-O/PgfnpT1xKSDeQYSCfRI5Gy3hPf91mKVDuYLUHZJMiDFptvP41MSnWofm8dnCm0256ZNfZIM7DSzuSMAFnjHA=="],
  }
}
