// !$*UTF8*$!
{
	archiveVersion = 1;
	classes = {
	};
	objectVersion = 60;
	objects = {

/* Begin PBXBuildFile section */
		10FE2D41C9D8254154DB3BB9 /* ContentView.swift in Sources */ = {isa = PBXBuildFile; fileRef = 682A29B006C3A70B0BCEBF54 /* ContentView.swift */; };
		C310601040145B05400F6EC9 /* AdaptivePanelLayout.swift in Sources */ = {isa = PBXBuildFile; fileRef = ED9722A78A06213B7FA661C9 /* AdaptivePanelLayout.swift */; };
		C83528ED0C2E8B05107E42B2 /* ChatSessionLeadingIcon.swift in Sources */ = {isa = PBXBuildFile; fileRef = 6A58CCEA538A1B06030F6FFD /* ChatSessionLeadingIcon.swift */; };
		98313CDC84E60207EBE0FE29 /* CodeHighlightTheme.swift in Sources */ = {isa = PBXBuildFile; fileRef = BF05043399C4B18AFF7A72C6 /* CodeHighlightTheme.swift */; };
		5AE4EB6174DB7D228B468F5A /* ContentUnavailableViewCompat.swift in Sources */ = {isa = PBXBuildFile; fileRef = C0A77A27B7AFB2116A2E1D26 /* ContentUnavailableViewCompat.swift */; };
		2DB40F6D89302DF17A73A4E0 /* ErrorBannerLayer.swift in Sources */ = {isa = PBXBuildFile; fileRef = E46DDFAFBFC48DB67A0537D3 /* ErrorBannerLayer.swift */; };
		DE2F19EA3B2755BE0837B351 /* HarnessIcon.swift in Sources */ = {isa = PBXBuildFile; fileRef = A50CC04DDC8BB5CA24C3036C /* HarnessIcon.swift */; };
		33D1813BF3E5652C2CB1B9D0 /* HoverIconButtonStyle.swift in Sources */ = {isa = PBXBuildFile; fileRef = 97EA7D2E1A8EFC32D50D9D6E /* HoverIconButtonStyle.swift */; };
		35B98B9CE3104A386700E7CD /* HoverTracking.swift in Sources */ = {isa = PBXBuildFile; fileRef = 922E494EF3AA31AD0BB9350A /* HoverTracking.swift */; };
		5DC09F948E37D9DB0EEC866A /* MarkdownThemeAdapter.swift in Sources */ = {isa = PBXBuildFile; fileRef = 8B12824AAC1278E5B3E178FE /* MarkdownThemeAdapter.swift */; };
		99E4531B26579564C28BE2A5 /* Motion.swift in Sources */ = {isa = PBXBuildFile; fileRef = AC4E7A0B1A97DEE4764C688B /* Motion.swift */; };
		89D0AD2EC23922C6316A4F5D /* ShimmeringText.swift in Sources */ = {isa = PBXBuildFile; fileRef = D15E67484584E97D490FCBA1 /* ShimmeringText.swift */; };
		4315A7894D8F939BED71FF9A /* Theme.swift in Sources */ = {isa = PBXBuildFile; fileRef = 17A59B188ACD38169657FCB5 /* Theme.swift */; };
		CC172575869EB7F3DF6699C1 /* ThemedRootModifier.swift in Sources */ = {isa = PBXBuildFile; fileRef = 9FBD436A88FE1971F5A22AE5 /* ThemedRootModifier.swift */; };
		4D453C38CCA29F6757586650 /* ThemedSurface.swift in Sources */ = {isa = PBXBuildFile; fileRef = D2A265BCFB5D30B73F83D608 /* ThemedSurface.swift */; };
		943B8A3B4CFBA961DD1922DD /* ChatInputEditor.swift in Sources */ = {isa = PBXBuildFile; fileRef = 1634089F1DFD256D3436B226 /* ChatInputEditor.swift */; };
		FBDDB34B63DF782781E7E3B2 /* ComposerGlassStyle.swift in Sources */ = {isa = PBXBuildFile; fileRef = 9B6085F97D8CB1AB8FB9E70F /* ComposerGlassStyle.swift */; };
		8FE03B21F830E86FD1290C5D /* ComposerView.swift in Sources */ = {isa = PBXBuildFile; fileRef = 59FCB5A5C073C6FB17224E74 /* ComposerView.swift */; };
		B2CBD904402924D2D35995EF /* HarnessUpdateBannerView.swift in Sources */ = {isa = PBXBuildFile; fileRef = EC5505733B4F4FC5CAC68F50 /* HarnessUpdateBannerView.swift */; };
		200337E0377A39CE40D02392 /* QuestionPickerCard.swift in Sources */ = {isa = PBXBuildFile; fileRef = 2141858CF84C938AA3F0EC63 /* QuestionPickerCard.swift */; };
		BE881ACB3630E8A88DB4FD3A /* QuestionPickerFocusAnchor.swift in Sources */ = {isa = PBXBuildFile; fileRef = 02342427141EF7CB2759279F /* QuestionPickerFocusAnchor.swift */; };
		B95C854CAE766D4369760E12 /* UsageRing.swift in Sources */ = {isa = PBXBuildFile; fileRef = 4342763B92031E4FAFD2EF9C /* UsageRing.swift */; };
		84376A53C0D59D5480FB210F /* DebugMetricsOverlay.swift in Sources */ = {isa = PBXBuildFile; fileRef = 949FE45137675CCD9F9425D0 /* DebugMetricsOverlay.swift */; };
		2334DBAC0855768A51813724 /* MachineAppearanceViews.swift in Sources */ = {isa = PBXBuildFile; fileRef = 8A03C00709FA9952A6335553 /* MachineAppearanceViews.swift */; };
		5818C705A7DA06D3465F26BC /* MachineCommands.swift in Sources */ = {isa = PBXBuildFile; fileRef = 5D2050B8FADDF33409051712 /* MachineCommands.swift */; };
		A43D5A555B986E2913E162D2 /* MachineSheets.swift in Sources */ = {isa = PBXBuildFile; fileRef = BA89317115702AC5A915C792 /* MachineSheets.swift */; };
		98F5C1AEE60ECD57810D962F /* OnboardingView.swift in Sources */ = {isa = PBXBuildFile; fileRef = A1000B7F9140A7CC4251DA6D /* OnboardingView.swift */; };
		05F4D9062911B754B145FC38 /* ChatPane.swift in Sources */ = {isa = PBXBuildFile; fileRef = 35498F60CF39B1BF9A489C61 /* ChatPane.swift */; };
		C6BE0F534742070080413775 /* NewTabPageView.swift in Sources */ = {isa = PBXBuildFile; fileRef = 09BB4797428D74651EEB2F78 /* NewTabPageView.swift */; };
		7563B1CBC9B7AEDA97354B1F /* Pane.swift in Sources */ = {isa = PBXBuildFile; fileRef = 55C337CDFBED12262EAB917F /* Pane.swift */; };
		74B89C9DE7E4C3F64EA7F6AB /* PaneGroupModel.swift in Sources */ = {isa = PBXBuildFile; fileRef = 315720EA17631CC15DA3CEE7 /* PaneGroupModel.swift */; };
		7157AD6E92EF879B40F401AA /* PaneGroupView.swift in Sources */ = {isa = PBXBuildFile; fileRef = A35C73ED28E52631D2DB71F9 /* PaneGroupView.swift */; };
		DAE0658E315A66C977DBCF03 /* PaneTabDrag.swift in Sources */ = {isa = PBXBuildFile; fileRef = 134BC84D2303E1097218C2CC /* PaneTabDrag.swift */; };
		224AD3800171914ACBB3CC15 /* TerminalPane.swift in Sources */ = {isa = PBXBuildFile; fileRef = 221E06CA09C9DDCFECA4733E /* TerminalPane.swift */; };
		1F73B94BDDA86E6501E344E6 /* WorkspaceCommands.swift in Sources */ = {isa = PBXBuildFile; fileRef = 1DC1EA7F4401E3ECD4020290 /* WorkspaceCommands.swift */; };
		70C5BF860CDDE4A386886E7C /* WorkspaceRunContext.swift in Sources */ = {isa = PBXBuildFile; fileRef = 3417C9B5F65947FC02AD949F /* WorkspaceRunContext.swift */; };
		E35023770A2029A765732395 /* WorkspaceSplitDrag.swift in Sources */ = {isa = PBXBuildFile; fileRef = 944E0FBC2CDBB316D2DD8487 /* WorkspaceSplitDrag.swift */; };
		CBE5049AC408DBE52C6A9FED /* WorkspaceSplitView.swift in Sources */ = {isa = PBXBuildFile; fileRef = 1B7528D064BF8CDBA08CBCBD /* WorkspaceSplitView.swift */; };
		59C2DF7544F50F58C61EFC8B /* WorkspaceTabBar.swift in Sources */ = {isa = PBXBuildFile; fileRef = C9EA8DDAE841C139444C9CC5 /* WorkspaceTabBar.swift */; };
		15F64DAEEC5065AEA2EE0529 /* AddProjectFlow.swift in Sources */ = {isa = PBXBuildFile; fileRef = 01BD271D9AD23A092809A4DA /* AddProjectFlow.swift */; };
		EC6943529BFDC149AB6A7609 /* GitCloneSheet.swift in Sources */ = {isa = PBXBuildFile; fileRef = C10E19DB00A0F16B183637B4 /* GitCloneSheet.swift */; };
		74A58DE4C4B63FD14DE526FD /* ProjectSetupPanel.swift in Sources */ = {isa = PBXBuildFile; fileRef = FE843D57C5EAB0B43A5E9EAC /* ProjectSetupPanel.swift */; };
		AD3D62B489743BFB892DF6E2 /* RemoteDirectoryBrowserSheet.swift in Sources */ = {isa = PBXBuildFile; fileRef = CEB4C4A5598BB27CFA9E67BB /* RemoteDirectoryBrowserSheet.swift */; };
		D27E51E8C924DD7E5785C4E6 /* ScratchpadCommands.swift in Sources */ = {isa = PBXBuildFile; fileRef = FC534854760CCE6708F8046F /* ScratchpadCommands.swift */; };
		443FF55D52B7CEA645602465 /* ScratchpadNotesView.swift in Sources */ = {isa = PBXBuildFile; fileRef = 396DF1ABAD7B923CAB566C4E /* ScratchpadNotesView.swift */; };
		2515F94F12D2DE3710468515 /* SessionInspectorView.swift in Sources */ = {isa = PBXBuildFile; fileRef = DC7DFF9BBB623643FBFB53F7 /* SessionInspectorView.swift */; };
		C741C27629B81258F2F4D630 /* AppPreview.swift in Sources */ = {isa = PBXBuildFile; fileRef = 578912F951B5DB7981164E52 /* AppPreview.swift */; };
		08AE2F8D55F09C23D81A3FB7 /* AssistantTurnView.swift in Sources */ = {isa = PBXBuildFile; fileRef = 75BA9ADDFAF265D45E7D18C6 /* AssistantTurnView.swift */; };
		8A8759AC57DD71FE15E3AA5B /* AttachmentLightbox.swift in Sources */ = {isa = PBXBuildFile; fileRef = 07B4ABB2387D88CCFCE9343A /* AttachmentLightbox.swift */; };
		2EF369B779740FCB727C6F8D /* AttachmentViews.swift in Sources */ = {isa = PBXBuildFile; fileRef = 09DD427535AACB6BCDEF35C3 /* AttachmentViews.swift */; };
		54555B7A1F75E576C3C2E8AC /* BranchDiffBadge.swift in Sources */ = {isa = PBXBuildFile; fileRef = EC1ABD52B0B5584C7DEC59DF /* BranchDiffBadge.swift */; };
		A66E86E2CB736E3F291F7DCA /* ChatScreen.swift in Sources */ = {isa = PBXBuildFile; fileRef = 9FD2789DC774D8F7588C9A92 /* ChatScreen.swift */; };
		8AA48B025CAF971CCBBE9CCA /* ConversationItemView.swift in Sources */ = {isa = PBXBuildFile; fileRef = 16A6C41F6DBF006C3E1765A8 /* ConversationItemView.swift */; };
		9D2F95DA28C8D40DE752459B /* DiffView.swift in Sources */ = {isa = PBXBuildFile; fileRef = 711F2FD6CCBCA1899438A10B /* DiffView.swift */; };
		5BF06E7757577E8B967B91F7 /* GoalBannerView.swift in Sources */ = {isa = PBXBuildFile; fileRef = 201BA15E04DCFDAD8C93453C /* GoalBannerView.swift */; };
		425E1D1BCB28EEEABB84B662 /* MessageCopyButton.swift in Sources */ = {isa = PBXBuildFile; fileRef = CB8AB5D88A5231523E0D3A55 /* MessageCopyButton.swift */; };
		2C48D49B8C43EB5D92D93B24 /* NativeTranscriptView.swift in Sources */ = {isa = PBXBuildFile; fileRef = 6C8061F9F7D2AEA67D946640 /* NativeTranscriptView.swift */; };
		D62D7E900C90174E655C843F /* NewChatView.swift in Sources */ = {isa = PBXBuildFile; fileRef = 9292957C5DEDCB3BF6E0369D /* NewChatView.swift */; };
		F1CF09C44CAE0196A24FF4B7 /* NewWorkspaceView.swift in Sources */ = {isa = PBXBuildFile; fileRef = AD245B94A3DCD1A7BD57B3D5 /* NewWorkspaceView.swift */; };
		A9BBEE9582A3BDC558C2A9AE /* PlanDocumentView.swift in Sources */ = {isa = PBXBuildFile; fileRef = F13B70E93A0B42272AE8FF87 /* PlanDocumentView.swift */; };
		A494F340610F979A1361EBA5 /* SessionContainerView.swift in Sources */ = {isa = PBXBuildFile; fileRef = 52951FD70C13030C2F973D64 /* SessionContainerView.swift */; };
		726B81A3CF2E6928CCA72C56 /* SessionController.swift in Sources */ = {isa = PBXBuildFile; fileRef = 27E5128B4DA1F7D62C240CCE /* SessionController.swift */; };
		9278CC74BFE2AC597B842BA9 /* SessionSetupView.swift in Sources */ = {isa = PBXBuildFile; fileRef = 2BA654BAF6113C2E9E322274 /* SessionSetupView.swift */; };
		91B1EE4080AA122FAA64A7D1 /* SessionStore.swift in Sources */ = {isa = PBXBuildFile; fileRef = B88BEC36EDB303AEC9460C3C /* SessionStore.swift */; };
		8B585F5456AF306AB040BD48 /* SessionView.swift in Sources */ = {isa = PBXBuildFile; fileRef = C3F05CC77ECF8AA1B81B3B79 /* SessionView.swift */; };
		D705108AC0E36ED15D07E6FC /* TodoPanelView.swift in Sources */ = {isa = PBXBuildFile; fileRef = 05CD566436631DD376E22B19 /* TodoPanelView.swift */; };
		FB67042568973880D11680E4 /* ToolCallRow.swift in Sources */ = {isa = PBXBuildFile; fileRef = 8A94D7B746FB488C9D841F66 /* ToolCallRow.swift */; };
		5E852A263479E5D21EC1810F /* ToolGroupView.swift in Sources */ = {isa = PBXBuildFile; fileRef = 854DF0DA8AA516702DAF9AF2 /* ToolGroupView.swift */; };
		479E1A93560607EDD030BAB5 /* TranscriptEnvironment.swift in Sources */ = {isa = PBXBuildFile; fileRef = 130ECADFE89950FA2C7FABF4 /* TranscriptEnvironment.swift */; };
		74AFEA8D39D3E5CF8828292F /* TranscriptItemsView.swift in Sources */ = {isa = PBXBuildFile; fileRef = 20BAB513A481A1B9D0945E62 /* TranscriptItemsView.swift */; };
		B790BBA960089D5B20C8A6B1 /* WorkspaceCreation.swift in Sources */ = {isa = PBXBuildFile; fileRef = 9C2C8F28CCB7959084B69869 /* WorkspaceCreation.swift */; };
		C5D576B5915D2D7266C2F886 /* AppearanceSettingsView.swift in Sources */ = {isa = PBXBuildFile; fileRef = 2EEF7671AC9C76FB7EA3DB26 /* AppearanceSettingsView.swift */; };
		369A644C359B80CB621F9CF0 /* CustomHarnessEditorSheet.swift in Sources */ = {isa = PBXBuildFile; fileRef = 920AF0592C7F7BB9C9E09816 /* CustomHarnessEditorSheet.swift */; };
		FB12FF48009714B43F26827A /* HarnessAuthenticationView.swift in Sources */ = {isa = PBXBuildFile; fileRef = 15BD1721941D101DC469514B /* HarnessAuthenticationView.swift */; };
		10083BBED741F4ED56AC140A /* HarnessDetailSheet.swift in Sources */ = {isa = PBXBuildFile; fileRef = 5DE22837DE3A2E9A1C4DCFFF /* HarnessDetailSheet.swift */; };
		FE4FAFD938113091A3A81B77 /* HarnessInstallHintRow.swift in Sources */ = {isa = PBXBuildFile; fileRef = 1FC9BCDA025957A9BD3CA4DB /* HarnessInstallHintRow.swift */; };
		7615F1C2E18DA37F2AC44448 /* MachinesSettingsView.swift in Sources */ = {isa = PBXBuildFile; fileRef = 9A2CD2F7B4544D5EBBACFE79 /* MachinesSettingsView.swift */; };
		D9A5E8C7E56EFFCB4EEBD268 /* McpSettingsView.swift in Sources */ = {isa = PBXBuildFile; fileRef = EBE555B1218BC88AF0058B13 /* McpSettingsView.swift */; };
		89DB0681BFDE4501C594DCA9 /* OpenCodeProviderAuthenticationView.swift in Sources */ = {isa = PBXBuildFile; fileRef = 8C9076AD88F68F7ABB5BA37D /* OpenCodeProviderAuthenticationView.swift */; };
		6CE7C347EE0CD10361A45529 /* PiProviderAuthenticationView.swift in Sources */ = {isa = PBXBuildFile; fileRef = 7C108B2604FC0E222AA638A4 /* PiProviderAuthenticationView.swift */; };
		578A5C6944322F26F55D07B7 /* SettingsDisclosureRow.swift in Sources */ = {isa = PBXBuildFile; fileRef = 52D892D43FF91A23200E5537 /* SettingsDisclosureRow.swift */; };
		EDAA48915914A13A41E9F83C /* SettingsView.swift in Sources */ = {isa = PBXBuildFile; fileRef = 3310C4FFA03D29489A8C7352 /* SettingsView.swift */; };
		174FAD4D73D92FB81533C7DB /* SkillsSettingsView.swift in Sources */ = {isa = PBXBuildFile; fileRef = E65B41070A3E690853EA05AB /* SkillsSettingsView.swift */; };
		AA6751E4E3131645F2A652BC /* FileCommands.swift in Sources */ = {isa = PBXBuildFile; fileRef = 793B23AB5EE000697CB7E425 /* FileCommands.swift */; };
		D115E0F6C6A43E5F2B789D91 /* IconPickerView.swift in Sources */ = {isa = PBXBuildFile; fileRef = 65A3F765FDBFF979D83B055A /* IconPickerView.swift */; };
		7496CD7180595DFF8407245E /* SidebarView.swift in Sources */ = {isa = PBXBuildFile; fileRef = E017C6484FCFA49673E9AED7 /* SidebarView.swift */; };
		E016B83A2CAAACBB98E6B794 /* UpdateBannerView.swift in Sources */ = {isa = PBXBuildFile; fileRef = 7627B5765D68A23B41C00DD5 /* UpdateBannerView.swift */; };
		0377CF01993ED33AC87482DE /* CodevisorGhosttyApp.swift in Sources */ = {isa = PBXBuildFile; fileRef = 088A76978EE3DE42F9D2C04E /* CodevisorGhosttyApp.swift */; };
		9A4FEE68E7801D5F6A94BC26 /* GhosttyTerminalSurfaceAdapter.swift in Sources */ = {isa = PBXBuildFile; fileRef = 463891C1717FA938790187D2 /* GhosttyTerminalSurfaceAdapter.swift */; };
		88B49258A88670D824D74930 /* TerminalFocus.swift in Sources */ = {isa = PBXBuildFile; fileRef = 6E2481EC3D32812C60C26AD4 /* TerminalFocus.swift */; };
		13A84BD2FAEEED45693B1719 /* TerminalSurface.swift in Sources */ = {isa = PBXBuildFile; fileRef = 6FD608EBCF1D70F50E67BF5C /* TerminalSurface.swift */; };
		EBDCF9E281EB39700313BE3E /* TerminalSurfaceView.swift in Sources */ = {isa = PBXBuildFile; fileRef = 48E4E843838FFB1742A99440 /* TerminalSurfaceView.swift */; };
		E369B5E05FE2CCF36104C468 /* AppRelauncher.swift in Sources */ = {isa = PBXBuildFile; fileRef = 2558A6C07BE4C29A6B09313B /* AppRelauncher.swift */; };
		1D1C804F0ECD30CDD0A8C34F /* AppUpdateCommands.swift in Sources */ = {isa = PBXBuildFile; fileRef = EA946771EBB3C57A967771AB /* AppUpdateCommands.swift */; };
		0803F0301F7BA9101A98E52E /* DataUpgradeView.swift in Sources */ = {isa = PBXBuildFile; fileRef = D28952307104671B7167DF0F /* DataUpgradeView.swift */; };
		C34B3284916252245D117417 /* MacServerAgentController.swift in Sources */ = {isa = PBXBuildFile; fileRef = C14F70B71CA7E84AA9EFD18D /* MacServerAgentController.swift */; };
		5F82FD62418C96F888E4A9AC /* ChatNotificationManager.swift in Sources */ = {isa = PBXBuildFile; fileRef = 06A393F43EEF2B6ACBD6AEAB /* ChatNotificationManager.swift */; };
		51AEAD65F24779EF7CBD7A79 /* SecureInput.swift in Sources */ = {isa = PBXBuildFile; fileRef = 49DBF1591FB7F1525076BB37 /* SecureInput.swift */; };
		09C2654C2F7A0FA12352958F /* Ghostty.Action.swift in Sources */ = {isa = PBXBuildFile; fileRef = B0FBEBDB7B6EE45C3121AF1B /* Ghostty.Action.swift */; };
		D2FAFA9EAE711F504CED6427 /* Ghostty.ChildExitedMessage.swift in Sources */ = {isa = PBXBuildFile; fileRef = FD930F9D18B1CCA4ED73609C /* Ghostty.ChildExitedMessage.swift */; };
		AE35A93E2857F348780095B6 /* Ghostty.Command.swift in Sources */ = {isa = PBXBuildFile; fileRef = B1981013DB2092D1B32F532C /* Ghostty.Command.swift */; };
		35F43331469AD94378917FF7 /* Ghostty.Config.swift in Sources */ = {isa = PBXBuildFile; fileRef = 07BA658F86D207DCC07F2C91 /* Ghostty.Config.swift */; };
		6EC8E38705F5E7460FE32F45 /* Ghostty.ConfigTypes.swift in Sources */ = {isa = PBXBuildFile; fileRef = 02B3745D434A6AA5E8B5F6D8 /* Ghostty.ConfigTypes.swift */; };
		DAF111FB5B2FAD21F3794CDB /* Ghostty.Error.swift in Sources */ = {isa = PBXBuildFile; fileRef = 8012C72CB99801E66F790C52 /* Ghostty.Error.swift */; };
		FA4D25E91C014B4C5964249A /* Ghostty.Input.swift in Sources */ = {isa = PBXBuildFile; fileRef = 5A23131A47342A6DEF435E1A /* Ghostty.Input.swift */; };
		53217774EA040888995AB7BD /* Ghostty.Inspector.swift in Sources */ = {isa = PBXBuildFile; fileRef = DF1BE4A06EFE115893D14016 /* Ghostty.Inspector.swift */; };
		9C55A9A46E48FA2E69413BCB /* Ghostty.Shell.swift in Sources */ = {isa = PBXBuildFile; fileRef = 694EE73AC159B477754098B2 /* Ghostty.Shell.swift */; };
		87190874E95320B5984B8A8C /* Ghostty.Surface.swift in Sources */ = {isa = PBXBuildFile; fileRef = C0620DB9E8A9C78716AB0C46 /* Ghostty.Surface.swift */; };
		6A5AECD2F881732C069F3E32 /* GhosttyPackage.swift in Sources */ = {isa = PBXBuildFile; fileRef = 4398D4A1D1EF29FD1B35F9CA /* GhosttyPackage.swift */; };
		58886B1665271B10BD575D47 /* GhosttyPackageMeta.swift in Sources */ = {isa = PBXBuildFile; fileRef = 16A94E94152D221978B3DFCF /* GhosttyPackageMeta.swift */; };
		D4DF2943DF93EDD5D717051C /* NSEvent+Extension.swift in Sources */ = {isa = PBXBuildFile; fileRef = 873C0BB58836EEEEE0E2DBED /* NSEvent+Extension.swift */; };
		BF953A4DD4F69ECBFA5B2F6D /* OSSurfaceView.swift in Sources */ = {isa = PBXBuildFile; fileRef = 6F4859F9724C24FEF7CB52C5 /* OSSurfaceView.swift */; };
		F3A970DF54213EE31C032573 /* SurfaceConfiguration.swift in Sources */ = {isa = PBXBuildFile; fileRef = 59EABF7E81EB2C7A591BCD17 /* SurfaceConfiguration.swift */; };
		5C73CE8B1908F3EE4A3F1C71 /* SurfaceView_AppKit.swift in Sources */ = {isa = PBXBuildFile; fileRef = FBDEF8DF3F57114033300351 /* SurfaceView_AppKit.swift */; };
		7DFEAB56CE14379DE6092EE4 /* AppInfo.swift in Sources */ = {isa = PBXBuildFile; fileRef = 40837A72CDC6534A983FB57F /* AppInfo.swift */; };
		CA23C796C5BF1780A4281F43 /* CrossKit.swift in Sources */ = {isa = PBXBuildFile; fileRef = 7283E5B881538F36FD453FFB /* CrossKit.swift */; };
		DDD1FA1399D37C2D8057C94B /* Cursor.swift in Sources */ = {isa = PBXBuildFile; fileRef = A7371B1AB4B503209D0C73ED /* Cursor.swift */; };
		AD89505F706BA7087E3548D6 /* Array+Extension.swift in Sources */ = {isa = PBXBuildFile; fileRef = 8C391161EB24A90A98867A5F /* Array+Extension.swift */; };
		3532F937F393E62CFC566114 /* EventModifiers+Extension.swift in Sources */ = {isa = PBXBuildFile; fileRef = C30D0C951E5CCBC92ED39658 /* EventModifiers+Extension.swift */; };
		DF0D595B018F881203DE8552 /* NSAppearance+Extension.swift in Sources */ = {isa = PBXBuildFile; fileRef = 7ADA154812C6BB46DB86D74C /* NSAppearance+Extension.swift */; };
		498FE4A1F0DACD113920F54D /* NSMenuItem+Extension.swift in Sources */ = {isa = PBXBuildFile; fileRef = A6BF902D55D1667D96ECCD5D /* NSMenuItem+Extension.swift */; };
		84FBF859607466F3D8A3F512 /* NSPasteboard+Extension.swift in Sources */ = {isa = PBXBuildFile; fileRef = 881313AB2A13956A8DBFA7EF /* NSPasteboard+Extension.swift */; };
		8247F10D59D7F4C9A619FD74 /* NSScreen+Extension.swift in Sources */ = {isa = PBXBuildFile; fileRef = BF5BD925167F1CDB04E40F57 /* NSScreen+Extension.swift */; };
		B0DAD9CEA13D22310A4CCD33 /* OSColor+Extension.swift in Sources */ = {isa = PBXBuildFile; fileRef = 70E654132AFC9A8F46E72A39 /* OSColor+Extension.swift */; };
		3F48DA2C93D62F0A65915F42 /* OSPasteboard+Extension.swift in Sources */ = {isa = PBXBuildFile; fileRef = 55BFFB9875D6AC5AD3A87CBA /* OSPasteboard+Extension.swift */; };
		6746BAE3BAB50BC9DCF5A6AF /* Optional+Extension.swift in Sources */ = {isa = PBXBuildFile; fileRef = 60A73C41EC7CF2C15C257D4D /* Optional+Extension.swift */; };
		68369C04AF1FB9D6365AF0BE /* UUID+Extension.swift in Sources */ = {isa = PBXBuildFile; fileRef = BBB095CF2FBFD3CEC1C2D104 /* UUID+Extension.swift */; };
		1DD4C789DF1919E60F105B81 /* UserDefaults+Extension.swift in Sources */ = {isa = PBXBuildFile; fileRef = D48C3EC52B6A85D9AD6A69D0 /* UserDefaults+Extension.swift */; };
		A27CD0D6D5F661BDBBC2AC09 /* KeyboardLayout.swift in Sources */ = {isa = PBXBuildFile; fileRef = 184F47A77E18639400D263DB /* KeyboardLayout.swift */; };
		9D39FA03253CD79957B9A794 /* AppIcon.icon in Resources */ = {isa = PBXBuildFile; fileRef = C5F1C38EA5C00E59C7ECE347 /* AppIcon.icon */; };
		83AF2ADE0D9C971260447FEB /* AppIconDev.icon in Resources */ = {isa = PBXBuildFile; fileRef = 7CEE51B5D7D700581EDE8BDE /* AppIconDev.icon */; };
		9B67F078C467375B87CF2278 /* Assets.xcassets in Resources */ = {isa = PBXBuildFile; fileRef = 4FC7E17F0FFC3FF9CF529462 /* Assets.xcassets */; };
		079256109CD9E3479BDEF42F /* codevisor-server-agent in Resources */ = {isa = PBXBuildFile; fileRef = 30032217962CDE7F1A8EF226 /* codevisor-server-agent */; };
		D80515DF86293855E7EAE902 /* ghostty-resources.tar.gz in Resources */ = {isa = PBXBuildFile; fileRef = EA2F477EF0FA341D34B8B235 /* ghostty-resources.tar.gz */; };
		7C857625CE65C14E0FD3ACF2 /* ACPKit in Frameworks */ = {isa = PBXBuildFile; productRef = FC8A03202FF3634D00689171 /* ACPKit */; };
		1DB33E3F2F144A3AC2CDF16F /* StreamMarkdown in Frameworks */ = {isa = PBXBuildFile; productRef = FC8A03222FF3634D00689171 /* StreamMarkdown */; };
		245107A5400657CDAC80B641 /* CodevisorTheming in Frameworks */ = {isa = PBXBuildFile; productRef = FCE74E8F2FF368F000B42227 /* CodevisorTheming */; };
		B8178AF65A2C6FC78A0CA994 /* CodeHighlighter in Frameworks */ = {isa = PBXBuildFile; productRef = FCE74E912FF368F000B42227 /* CodeHighlighter */; };
		4847C614FD8FED54FA807B88 /* CodevisorCore in Frameworks */ = {isa = PBXBuildFile; productRef = FCE74E8C2FF368F000B42227 /* CodevisorCore */; };
/* End PBXBuildFile section */

/* Begin PBXFileReference section */
		000000000000000000000120 /* Codevisor.app */ = {isa = PBXFileReference; explicitFileType = wrapper.application; includeInIndex = 0; path = Codevisor.app; sourceTree = BUILT_PRODUCTS_DIR; };
		682A29B006C3A70B0BCEBF54 /* ContentView.swift */ = {isa = PBXFileReference; lastKnownFileType = sourcecode.swift; path = ContentView.swift; sourceTree = "<group>"; };
		ED9722A78A06213B7FA661C9 /* AdaptivePanelLayout.swift */ = {isa = PBXFileReference; lastKnownFileType = sourcecode.swift; path = AdaptivePanelLayout.swift; sourceTree = "<group>"; };
		6A58CCEA538A1B06030F6FFD /* ChatSessionLeadingIcon.swift */ = {isa = PBXFileReference; lastKnownFileType = sourcecode.swift; path = ChatSessionLeadingIcon.swift; sourceTree = "<group>"; };
		BF05043399C4B18AFF7A72C6 /* CodeHighlightTheme.swift */ = {isa = PBXFileReference; lastKnownFileType = sourcecode.swift; path = CodeHighlightTheme.swift; sourceTree = "<group>"; };
		C0A77A27B7AFB2116A2E1D26 /* ContentUnavailableViewCompat.swift */ = {isa = PBXFileReference; lastKnownFileType = sourcecode.swift; path = ContentUnavailableViewCompat.swift; sourceTree = "<group>"; };
		E46DDFAFBFC48DB67A0537D3 /* ErrorBannerLayer.swift */ = {isa = PBXFileReference; lastKnownFileType = sourcecode.swift; path = ErrorBannerLayer.swift; sourceTree = "<group>"; };
		A50CC04DDC8BB5CA24C3036C /* HarnessIcon.swift */ = {isa = PBXFileReference; lastKnownFileType = sourcecode.swift; path = HarnessIcon.swift; sourceTree = "<group>"; };
		97EA7D2E1A8EFC32D50D9D6E /* HoverIconButtonStyle.swift */ = {isa = PBXFileReference; lastKnownFileType = sourcecode.swift; path = HoverIconButtonStyle.swift; sourceTree = "<group>"; };
		922E494EF3AA31AD0BB9350A /* HoverTracking.swift */ = {isa = PBXFileReference; lastKnownFileType = sourcecode.swift; path = HoverTracking.swift; sourceTree = "<group>"; };
		8B12824AAC1278E5B3E178FE /* MarkdownThemeAdapter.swift */ = {isa = PBXFileReference; lastKnownFileType = sourcecode.swift; path = MarkdownThemeAdapter.swift; sourceTree = "<group>"; };
		AC4E7A0B1A97DEE4764C688B /* Motion.swift */ = {isa = PBXFileReference; lastKnownFileType = sourcecode.swift; path = Motion.swift; sourceTree = "<group>"; };
		D15E67484584E97D490FCBA1 /* ShimmeringText.swift */ = {isa = PBXFileReference; lastKnownFileType = sourcecode.swift; path = ShimmeringText.swift; sourceTree = "<group>"; };
		17A59B188ACD38169657FCB5 /* Theme.swift */ = {isa = PBXFileReference; lastKnownFileType = sourcecode.swift; path = Theme.swift; sourceTree = "<group>"; };
		9FBD436A88FE1971F5A22AE5 /* ThemedRootModifier.swift */ = {isa = PBXFileReference; lastKnownFileType = sourcecode.swift; path = ThemedRootModifier.swift; sourceTree = "<group>"; };
		D2A265BCFB5D30B73F83D608 /* ThemedSurface.swift */ = {isa = PBXFileReference; lastKnownFileType = sourcecode.swift; path = ThemedSurface.swift; sourceTree = "<group>"; };
		1634089F1DFD256D3436B226 /* ChatInputEditor.swift */ = {isa = PBXFileReference; lastKnownFileType = sourcecode.swift; path = ChatInputEditor.swift; sourceTree = "<group>"; };
		9B6085F97D8CB1AB8FB9E70F /* ComposerGlassStyle.swift */ = {isa = PBXFileReference; lastKnownFileType = sourcecode.swift; path = ComposerGlassStyle.swift; sourceTree = "<group>"; };
		59FCB5A5C073C6FB17224E74 /* ComposerView.swift */ = {isa = PBXFileReference; lastKnownFileType = sourcecode.swift; path = ComposerView.swift; sourceTree = "<group>"; };
		EC5505733B4F4FC5CAC68F50 /* HarnessUpdateBannerView.swift */ = {isa = PBXFileReference; lastKnownFileType = sourcecode.swift; path = HarnessUpdateBannerView.swift; sourceTree = "<group>"; };
		2141858CF84C938AA3F0EC63 /* QuestionPickerCard.swift */ = {isa = PBXFileReference; lastKnownFileType = sourcecode.swift; path = QuestionPickerCard.swift; sourceTree = "<group>"; };
		02342427141EF7CB2759279F /* QuestionPickerFocusAnchor.swift */ = {isa = PBXFileReference; lastKnownFileType = sourcecode.swift; path = QuestionPickerFocusAnchor.swift; sourceTree = "<group>"; };
		4342763B92031E4FAFD2EF9C /* UsageRing.swift */ = {isa = PBXFileReference; lastKnownFileType = sourcecode.swift; path = UsageRing.swift; sourceTree = "<group>"; };
		949FE45137675CCD9F9425D0 /* DebugMetricsOverlay.swift */ = {isa = PBXFileReference; lastKnownFileType = sourcecode.swift; path = DebugMetricsOverlay.swift; sourceTree = "<group>"; };
		8A03C00709FA9952A6335553 /* MachineAppearanceViews.swift */ = {isa = PBXFileReference; lastKnownFileType = sourcecode.swift; path = MachineAppearanceViews.swift; sourceTree = "<group>"; };
		5D2050B8FADDF33409051712 /* MachineCommands.swift */ = {isa = PBXFileReference; lastKnownFileType = sourcecode.swift; path = MachineCommands.swift; sourceTree = "<group>"; };
		BA89317115702AC5A915C792 /* MachineSheets.swift */ = {isa = PBXFileReference; lastKnownFileType = sourcecode.swift; path = MachineSheets.swift; sourceTree = "<group>"; };
		A1000B7F9140A7CC4251DA6D /* OnboardingView.swift */ = {isa = PBXFileReference; lastKnownFileType = sourcecode.swift; path = OnboardingView.swift; sourceTree = "<group>"; };
		35498F60CF39B1BF9A489C61 /* ChatPane.swift */ = {isa = PBXFileReference; lastKnownFileType = sourcecode.swift; path = ChatPane.swift; sourceTree = "<group>"; };
		09BB4797428D74651EEB2F78 /* NewTabPageView.swift */ = {isa = PBXFileReference; lastKnownFileType = sourcecode.swift; path = NewTabPageView.swift; sourceTree = "<group>"; };
		55C337CDFBED12262EAB917F /* Pane.swift */ = {isa = PBXFileReference; lastKnownFileType = sourcecode.swift; path = Pane.swift; sourceTree = "<group>"; };
		315720EA17631CC15DA3CEE7 /* PaneGroupModel.swift */ = {isa = PBXFileReference; lastKnownFileType = sourcecode.swift; path = PaneGroupModel.swift; sourceTree = "<group>"; };
		A35C73ED28E52631D2DB71F9 /* PaneGroupView.swift */ = {isa = PBXFileReference; lastKnownFileType = sourcecode.swift; path = PaneGroupView.swift; sourceTree = "<group>"; };
		134BC84D2303E1097218C2CC /* PaneTabDrag.swift */ = {isa = PBXFileReference; lastKnownFileType = sourcecode.swift; path = PaneTabDrag.swift; sourceTree = "<group>"; };
		221E06CA09C9DDCFECA4733E /* TerminalPane.swift */ = {isa = PBXFileReference; lastKnownFileType = sourcecode.swift; path = TerminalPane.swift; sourceTree = "<group>"; };
		1DC1EA7F4401E3ECD4020290 /* WorkspaceCommands.swift */ = {isa = PBXFileReference; lastKnownFileType = sourcecode.swift; path = WorkspaceCommands.swift; sourceTree = "<group>"; };
		3417C9B5F65947FC02AD949F /* WorkspaceRunContext.swift */ = {isa = PBXFileReference; lastKnownFileType = sourcecode.swift; path = WorkspaceRunContext.swift; sourceTree = "<group>"; };
		944E0FBC2CDBB316D2DD8487 /* WorkspaceSplitDrag.swift */ = {isa = PBXFileReference; lastKnownFileType = sourcecode.swift; path = WorkspaceSplitDrag.swift; sourceTree = "<group>"; };
		1B7528D064BF8CDBA08CBCBD /* WorkspaceSplitView.swift */ = {isa = PBXFileReference; lastKnownFileType = sourcecode.swift; path = WorkspaceSplitView.swift; sourceTree = "<group>"; };
		C9EA8DDAE841C139444C9CC5 /* WorkspaceTabBar.swift */ = {isa = PBXFileReference; lastKnownFileType = sourcecode.swift; path = WorkspaceTabBar.swift; sourceTree = "<group>"; };
		01BD271D9AD23A092809A4DA /* AddProjectFlow.swift */ = {isa = PBXFileReference; lastKnownFileType = sourcecode.swift; path = AddProjectFlow.swift; sourceTree = "<group>"; };
		C10E19DB00A0F16B183637B4 /* GitCloneSheet.swift */ = {isa = PBXFileReference; lastKnownFileType = sourcecode.swift; path = GitCloneSheet.swift; sourceTree = "<group>"; };
		FE843D57C5EAB0B43A5E9EAC /* ProjectSetupPanel.swift */ = {isa = PBXFileReference; lastKnownFileType = sourcecode.swift; path = ProjectSetupPanel.swift; sourceTree = "<group>"; };
		CEB4C4A5598BB27CFA9E67BB /* RemoteDirectoryBrowserSheet.swift */ = {isa = PBXFileReference; lastKnownFileType = sourcecode.swift; path = RemoteDirectoryBrowserSheet.swift; sourceTree = "<group>"; };
		FC534854760CCE6708F8046F /* ScratchpadCommands.swift */ = {isa = PBXFileReference; lastKnownFileType = sourcecode.swift; path = ScratchpadCommands.swift; sourceTree = "<group>"; };
		396DF1ABAD7B923CAB566C4E /* ScratchpadNotesView.swift */ = {isa = PBXFileReference; lastKnownFileType = sourcecode.swift; path = ScratchpadNotesView.swift; sourceTree = "<group>"; };
		DC7DFF9BBB623643FBFB53F7 /* SessionInspectorView.swift */ = {isa = PBXFileReference; lastKnownFileType = sourcecode.swift; path = SessionInspectorView.swift; sourceTree = "<group>"; };
		578912F951B5DB7981164E52 /* AppPreview.swift */ = {isa = PBXFileReference; lastKnownFileType = sourcecode.swift; path = AppPreview.swift; sourceTree = "<group>"; };
		75BA9ADDFAF265D45E7D18C6 /* AssistantTurnView.swift */ = {isa = PBXFileReference; lastKnownFileType = sourcecode.swift; path = AssistantTurnView.swift; sourceTree = "<group>"; };
		07B4ABB2387D88CCFCE9343A /* AttachmentLightbox.swift */ = {isa = PBXFileReference; lastKnownFileType = sourcecode.swift; path = AttachmentLightbox.swift; sourceTree = "<group>"; };
		09DD427535AACB6BCDEF35C3 /* AttachmentViews.swift */ = {isa = PBXFileReference; lastKnownFileType = sourcecode.swift; path = AttachmentViews.swift; sourceTree = "<group>"; };
		EC1ABD52B0B5584C7DEC59DF /* BranchDiffBadge.swift */ = {isa = PBXFileReference; lastKnownFileType = sourcecode.swift; path = BranchDiffBadge.swift; sourceTree = "<group>"; };
		9FD2789DC774D8F7588C9A92 /* ChatScreen.swift */ = {isa = PBXFileReference; lastKnownFileType = sourcecode.swift; path = ChatScreen.swift; sourceTree = "<group>"; };
		16A6C41F6DBF006C3E1765A8 /* ConversationItemView.swift */ = {isa = PBXFileReference; lastKnownFileType = sourcecode.swift; path = ConversationItemView.swift; sourceTree = "<group>"; };
		711F2FD6CCBCA1899438A10B /* DiffView.swift */ = {isa = PBXFileReference; lastKnownFileType = sourcecode.swift; path = DiffView.swift; sourceTree = "<group>"; };
		201BA15E04DCFDAD8C93453C /* GoalBannerView.swift */ = {isa = PBXFileReference; lastKnownFileType = sourcecode.swift; path = GoalBannerView.swift; sourceTree = "<group>"; };
		CB8AB5D88A5231523E0D3A55 /* MessageCopyButton.swift */ = {isa = PBXFileReference; lastKnownFileType = sourcecode.swift; path = MessageCopyButton.swift; sourceTree = "<group>"; };
		6C8061F9F7D2AEA67D946640 /* NativeTranscriptView.swift */ = {isa = PBXFileReference; lastKnownFileType = sourcecode.swift; path = NativeTranscriptView.swift; sourceTree = "<group>"; };
		9292957C5DEDCB3BF6E0369D /* NewChatView.swift */ = {isa = PBXFileReference; lastKnownFileType = sourcecode.swift; path = NewChatView.swift; sourceTree = "<group>"; };
		AD245B94A3DCD1A7BD57B3D5 /* NewWorkspaceView.swift */ = {isa = PBXFileReference; lastKnownFileType = sourcecode.swift; path = NewWorkspaceView.swift; sourceTree = "<group>"; };
		F13B70E93A0B42272AE8FF87 /* PlanDocumentView.swift */ = {isa = PBXFileReference; lastKnownFileType = sourcecode.swift; path = PlanDocumentView.swift; sourceTree = "<group>"; };
		52951FD70C13030C2F973D64 /* SessionContainerView.swift */ = {isa = PBXFileReference; lastKnownFileType = sourcecode.swift; path = SessionContainerView.swift; sourceTree = "<group>"; };
		27E5128B4DA1F7D62C240CCE /* SessionController.swift */ = {isa = PBXFileReference; lastKnownFileType = sourcecode.swift; path = SessionController.swift; sourceTree = "<group>"; };
		2BA654BAF6113C2E9E322274 /* SessionSetupView.swift */ = {isa = PBXFileReference; lastKnownFileType = sourcecode.swift; path = SessionSetupView.swift; sourceTree = "<group>"; };
		B88BEC36EDB303AEC9460C3C /* SessionStore.swift */ = {isa = PBXFileReference; lastKnownFileType = sourcecode.swift; path = SessionStore.swift; sourceTree = "<group>"; };
		C3F05CC77ECF8AA1B81B3B79 /* SessionView.swift */ = {isa = PBXFileReference; lastKnownFileType = sourcecode.swift; path = SessionView.swift; sourceTree = "<group>"; };
		05CD566436631DD376E22B19 /* TodoPanelView.swift */ = {isa = PBXFileReference; lastKnownFileType = sourcecode.swift; path = TodoPanelView.swift; sourceTree = "<group>"; };
		8A94D7B746FB488C9D841F66 /* ToolCallRow.swift */ = {isa = PBXFileReference; lastKnownFileType = sourcecode.swift; path = ToolCallRow.swift; sourceTree = "<group>"; };
		854DF0DA8AA516702DAF9AF2 /* ToolGroupView.swift */ = {isa = PBXFileReference; lastKnownFileType = sourcecode.swift; path = ToolGroupView.swift; sourceTree = "<group>"; };
		130ECADFE89950FA2C7FABF4 /* TranscriptEnvironment.swift */ = {isa = PBXFileReference; lastKnownFileType = sourcecode.swift; path = TranscriptEnvironment.swift; sourceTree = "<group>"; };
		20BAB513A481A1B9D0945E62 /* TranscriptItemsView.swift */ = {isa = PBXFileReference; lastKnownFileType = sourcecode.swift; path = TranscriptItemsView.swift; sourceTree = "<group>"; };
		9C2C8F28CCB7959084B69869 /* WorkspaceCreation.swift */ = {isa = PBXFileReference; lastKnownFileType = sourcecode.swift; path = WorkspaceCreation.swift; sourceTree = "<group>"; };
		2EEF7671AC9C76FB7EA3DB26 /* AppearanceSettingsView.swift */ = {isa = PBXFileReference; lastKnownFileType = sourcecode.swift; path = AppearanceSettingsView.swift; sourceTree = "<group>"; };
		920AF0592C7F7BB9C9E09816 /* CustomHarnessEditorSheet.swift */ = {isa = PBXFileReference; lastKnownFileType = sourcecode.swift; path = CustomHarnessEditorSheet.swift; sourceTree = "<group>"; };
		15BD1721941D101DC469514B /* HarnessAuthenticationView.swift */ = {isa = PBXFileReference; lastKnownFileType = sourcecode.swift; path = HarnessAuthenticationView.swift; sourceTree = "<group>"; };
		5DE22837DE3A2E9A1C4DCFFF /* HarnessDetailSheet.swift */ = {isa = PBXFileReference; lastKnownFileType = sourcecode.swift; path = HarnessDetailSheet.swift; sourceTree = "<group>"; };
		1FC9BCDA025957A9BD3CA4DB /* HarnessInstallHintRow.swift */ = {isa = PBXFileReference; lastKnownFileType = sourcecode.swift; path = HarnessInstallHintRow.swift; sourceTree = "<group>"; };
		9A2CD2F7B4544D5EBBACFE79 /* MachinesSettingsView.swift */ = {isa = PBXFileReference; lastKnownFileType = sourcecode.swift; path = MachinesSettingsView.swift; sourceTree = "<group>"; };
		EBE555B1218BC88AF0058B13 /* McpSettingsView.swift */ = {isa = PBXFileReference; lastKnownFileType = sourcecode.swift; path = McpSettingsView.swift; sourceTree = "<group>"; };
		8C9076AD88F68F7ABB5BA37D /* OpenCodeProviderAuthenticationView.swift */ = {isa = PBXFileReference; lastKnownFileType = sourcecode.swift; path = OpenCodeProviderAuthenticationView.swift; sourceTree = "<group>"; };
		7C108B2604FC0E222AA638A4 /* PiProviderAuthenticationView.swift */ = {isa = PBXFileReference; lastKnownFileType = sourcecode.swift; path = PiProviderAuthenticationView.swift; sourceTree = "<group>"; };
		52D892D43FF91A23200E5537 /* SettingsDisclosureRow.swift */ = {isa = PBXFileReference; lastKnownFileType = sourcecode.swift; path = SettingsDisclosureRow.swift; sourceTree = "<group>"; };
		3310C4FFA03D29489A8C7352 /* SettingsView.swift */ = {isa = PBXFileReference; lastKnownFileType = sourcecode.swift; path = SettingsView.swift; sourceTree = "<group>"; };
		E65B41070A3E690853EA05AB /* SkillsSettingsView.swift */ = {isa = PBXFileReference; lastKnownFileType = sourcecode.swift; path = SkillsSettingsView.swift; sourceTree = "<group>"; };
		793B23AB5EE000697CB7E425 /* FileCommands.swift */ = {isa = PBXFileReference; lastKnownFileType = sourcecode.swift; path = FileCommands.swift; sourceTree = "<group>"; };
		65A3F765FDBFF979D83B055A /* IconPickerView.swift */ = {isa = PBXFileReference; lastKnownFileType = sourcecode.swift; path = IconPickerView.swift; sourceTree = "<group>"; };
		E017C6484FCFA49673E9AED7 /* SidebarView.swift */ = {isa = PBXFileReference; lastKnownFileType = sourcecode.swift; path = SidebarView.swift; sourceTree = "<group>"; };
		7627B5765D68A23B41C00DD5 /* UpdateBannerView.swift */ = {isa = PBXFileReference; lastKnownFileType = sourcecode.swift; path = UpdateBannerView.swift; sourceTree = "<group>"; };
		088A76978EE3DE42F9D2C04E /* CodevisorGhosttyApp.swift */ = {isa = PBXFileReference; lastKnownFileType = sourcecode.swift; path = CodevisorGhosttyApp.swift; sourceTree = "<group>"; };
		463891C1717FA938790187D2 /* GhosttyTerminalSurfaceAdapter.swift */ = {isa = PBXFileReference; lastKnownFileType = sourcecode.swift; path = GhosttyTerminalSurfaceAdapter.swift; sourceTree = "<group>"; };
		6E2481EC3D32812C60C26AD4 /* TerminalFocus.swift */ = {isa = PBXFileReference; lastKnownFileType = sourcecode.swift; path = TerminalFocus.swift; sourceTree = "<group>"; };
		6FD608EBCF1D70F50E67BF5C /* TerminalSurface.swift */ = {isa = PBXFileReference; lastKnownFileType = sourcecode.swift; path = TerminalSurface.swift; sourceTree = "<group>"; };
		48E4E843838FFB1742A99440 /* TerminalSurfaceView.swift */ = {isa = PBXFileReference; lastKnownFileType = sourcecode.swift; path = TerminalSurfaceView.swift; sourceTree = "<group>"; };
		2558A6C07BE4C29A6B09313B /* AppRelauncher.swift */ = {isa = PBXFileReference; lastKnownFileType = sourcecode.swift; path = AppRelauncher.swift; sourceTree = "<group>"; };
		EA946771EBB3C57A967771AB /* AppUpdateCommands.swift */ = {isa = PBXFileReference; lastKnownFileType = sourcecode.swift; path = AppUpdateCommands.swift; sourceTree = "<group>"; };
		D28952307104671B7167DF0F /* DataUpgradeView.swift */ = {isa = PBXFileReference; lastKnownFileType = sourcecode.swift; path = DataUpgradeView.swift; sourceTree = "<group>"; };
		C14F70B71CA7E84AA9EFD18D /* MacServerAgentController.swift */ = {isa = PBXFileReference; lastKnownFileType = sourcecode.swift; path = MacServerAgentController.swift; sourceTree = "<group>"; };
		06A393F43EEF2B6ACBD6AEAB /* ChatNotificationManager.swift */ = {isa = PBXFileReference; lastKnownFileType = sourcecode.swift; path = ChatNotificationManager.swift; sourceTree = "<group>"; };
		49DBF1591FB7F1525076BB37 /* SecureInput.swift */ = {isa = PBXFileReference; lastKnownFileType = sourcecode.swift; path = SecureInput.swift; sourceTree = "<group>"; };
		B0FBEBDB7B6EE45C3121AF1B /* Ghostty.Action.swift */ = {isa = PBXFileReference; lastKnownFileType = sourcecode.swift; path = Ghostty.Action.swift; sourceTree = "<group>"; };
		FD930F9D18B1CCA4ED73609C /* Ghostty.ChildExitedMessage.swift */ = {isa = PBXFileReference; lastKnownFileType = sourcecode.swift; path = Ghostty.ChildExitedMessage.swift; sourceTree = "<group>"; };
		B1981013DB2092D1B32F532C /* Ghostty.Command.swift */ = {isa = PBXFileReference; lastKnownFileType = sourcecode.swift; path = Ghostty.Command.swift; sourceTree = "<group>"; };
		07BA658F86D207DCC07F2C91 /* Ghostty.Config.swift */ = {isa = PBXFileReference; lastKnownFileType = sourcecode.swift; path = Ghostty.Config.swift; sourceTree = "<group>"; };
		02B3745D434A6AA5E8B5F6D8 /* Ghostty.ConfigTypes.swift */ = {isa = PBXFileReference; lastKnownFileType = sourcecode.swift; path = Ghostty.ConfigTypes.swift; sourceTree = "<group>"; };
		8012C72CB99801E66F790C52 /* Ghostty.Error.swift */ = {isa = PBXFileReference; lastKnownFileType = sourcecode.swift; path = Ghostty.Error.swift; sourceTree = "<group>"; };
		5A23131A47342A6DEF435E1A /* Ghostty.Input.swift */ = {isa = PBXFileReference; lastKnownFileType = sourcecode.swift; path = Ghostty.Input.swift; sourceTree = "<group>"; };
		DF1BE4A06EFE115893D14016 /* Ghostty.Inspector.swift */ = {isa = PBXFileReference; lastKnownFileType = sourcecode.swift; path = Ghostty.Inspector.swift; sourceTree = "<group>"; };
		694EE73AC159B477754098B2 /* Ghostty.Shell.swift */ = {isa = PBXFileReference; lastKnownFileType = sourcecode.swift; path = Ghostty.Shell.swift; sourceTree = "<group>"; };
		C0620DB9E8A9C78716AB0C46 /* Ghostty.Surface.swift */ = {isa = PBXFileReference; lastKnownFileType = sourcecode.swift; path = Ghostty.Surface.swift; sourceTree = "<group>"; };
		4398D4A1D1EF29FD1B35F9CA /* GhosttyPackage.swift */ = {isa = PBXFileReference; lastKnownFileType = sourcecode.swift; path = GhosttyPackage.swift; sourceTree = "<group>"; };
		16A94E94152D221978B3DFCF /* GhosttyPackageMeta.swift */ = {isa = PBXFileReference; lastKnownFileType = sourcecode.swift; path = GhosttyPackageMeta.swift; sourceTree = "<group>"; };
		873C0BB58836EEEEE0E2DBED /* NSEvent+Extension.swift */ = {isa = PBXFileReference; lastKnownFileType = sourcecode.swift; path = "NSEvent+Extension.swift"; sourceTree = "<group>"; };
		6F4859F9724C24FEF7CB52C5 /* OSSurfaceView.swift */ = {isa = PBXFileReference; lastKnownFileType = sourcecode.swift; path = OSSurfaceView.swift; sourceTree = "<group>"; };
		59EABF7E81EB2C7A591BCD17 /* SurfaceConfiguration.swift */ = {isa = PBXFileReference; lastKnownFileType = sourcecode.swift; path = SurfaceConfiguration.swift; sourceTree = "<group>"; };
		FBDEF8DF3F57114033300351 /* SurfaceView_AppKit.swift */ = {isa = PBXFileReference; lastKnownFileType = sourcecode.swift; path = SurfaceView_AppKit.swift; sourceTree = "<group>"; };
		40837A72CDC6534A983FB57F /* AppInfo.swift */ = {isa = PBXFileReference; lastKnownFileType = sourcecode.swift; path = AppInfo.swift; sourceTree = "<group>"; };
		7283E5B881538F36FD453FFB /* CrossKit.swift */ = {isa = PBXFileReference; lastKnownFileType = sourcecode.swift; path = CrossKit.swift; sourceTree = "<group>"; };
		A7371B1AB4B503209D0C73ED /* Cursor.swift */ = {isa = PBXFileReference; lastKnownFileType = sourcecode.swift; path = Cursor.swift; sourceTree = "<group>"; };
		8C391161EB24A90A98867A5F /* Array+Extension.swift */ = {isa = PBXFileReference; lastKnownFileType = sourcecode.swift; path = "Array+Extension.swift"; sourceTree = "<group>"; };
		C30D0C951E5CCBC92ED39658 /* EventModifiers+Extension.swift */ = {isa = PBXFileReference; lastKnownFileType = sourcecode.swift; path = "EventModifiers+Extension.swift"; sourceTree = "<group>"; };
		7ADA154812C6BB46DB86D74C /* NSAppearance+Extension.swift */ = {isa = PBXFileReference; lastKnownFileType = sourcecode.swift; path = "NSAppearance+Extension.swift"; sourceTree = "<group>"; };
		A6BF902D55D1667D96ECCD5D /* NSMenuItem+Extension.swift */ = {isa = PBXFileReference; lastKnownFileType = sourcecode.swift; path = "NSMenuItem+Extension.swift"; sourceTree = "<group>"; };
		881313AB2A13956A8DBFA7EF /* NSPasteboard+Extension.swift */ = {isa = PBXFileReference; lastKnownFileType = sourcecode.swift; path = "NSPasteboard+Extension.swift"; sourceTree = "<group>"; };
		BF5BD925167F1CDB04E40F57 /* NSScreen+Extension.swift */ = {isa = PBXFileReference; lastKnownFileType = sourcecode.swift; path = "NSScreen+Extension.swift"; sourceTree = "<group>"; };
		70E654132AFC9A8F46E72A39 /* OSColor+Extension.swift */ = {isa = PBXFileReference; lastKnownFileType = sourcecode.swift; path = "OSColor+Extension.swift"; sourceTree = "<group>"; };
		55BFFB9875D6AC5AD3A87CBA /* OSPasteboard+Extension.swift */ = {isa = PBXFileReference; lastKnownFileType = sourcecode.swift; path = "OSPasteboard+Extension.swift"; sourceTree = "<group>"; };
		60A73C41EC7CF2C15C257D4D /* Optional+Extension.swift */ = {isa = PBXFileReference; lastKnownFileType = sourcecode.swift; path = "Optional+Extension.swift"; sourceTree = "<group>"; };
		BBB095CF2FBFD3CEC1C2D104 /* UUID+Extension.swift */ = {isa = PBXFileReference; lastKnownFileType = sourcecode.swift; path = "UUID+Extension.swift"; sourceTree = "<group>"; };
		D48C3EC52B6A85D9AD6A69D0 /* UserDefaults+Extension.swift */ = {isa = PBXFileReference; lastKnownFileType = sourcecode.swift; path = "UserDefaults+Extension.swift"; sourceTree = "<group>"; };
		184F47A77E18639400D263DB /* KeyboardLayout.swift */ = {isa = PBXFileReference; lastKnownFileType = sourcecode.swift; path = KeyboardLayout.swift; sourceTree = "<group>"; };
		C5F1C38EA5C00E59C7ECE347 /* AppIcon.icon */ = {isa = PBXFileReference; lastKnownFileType = folder; path = AppIcon.icon; sourceTree = "<group>"; };
		7CEE51B5D7D700581EDE8BDE /* AppIconDev.icon */ = {isa = PBXFileReference; lastKnownFileType = folder; path = AppIconDev.icon; sourceTree = "<group>"; };
		4FC7E17F0FFC3FF9CF529462 /* Assets.xcassets */ = {isa = PBXFileReference; lastKnownFileType = folder.assetcatalog; path = Assets.xcassets; sourceTree = "<group>"; };
		30032217962CDE7F1A8EF226 /* codevisor-server-agent */ = {isa = PBXFileReference; lastKnownFileType = file; path = codevisor-server-agent; sourceTree = "<group>"; };
		EA2F477EF0FA341D34B8B235 /* ghostty-resources.tar.gz */ = {isa = PBXFileReference; lastKnownFileType = archive.gzip; path = ghostty-resources.tar.gz; sourceTree = "<group>"; };
/* End PBXFileReference section */

/* Begin PBXFrameworksBuildPhase section */
		000000000000000130000000 /* Frameworks */ = {
			isa = PBXFrameworksBuildPhase;
			buildActionMask = 2147483647;
			files = (
				7C857625CE65C14E0FD3ACF2 /* ACPKit in Frameworks */,
				1DB33E3F2F144A3AC2CDF16F /* StreamMarkdown in Frameworks */,
				245107A5400657CDAC80B641 /* CodevisorTheming in Frameworks */,
				B8178AF65A2C6FC78A0CA994 /* CodeHighlighter in Frameworks */,
				4847C614FD8FED54FA807B88 /* CodevisorCore in Frameworks */,
			);
			runOnlyForDeploymentPostprocessing = 0;
		};
/* End PBXFrameworksBuildPhase section */

/* Begin PBXGroup section */
		000000000000000000000001 = {
			isa = PBXGroup;
			children = (
				A3A5A28D2193BA953F72588B /* Codevisor */,
				000000000000000000000030 /* Frameworks */,
				000000000000000000000020 /* Products */,
			);
			sourceTree = "<group>";
		};
		A3A5A28D2193BA953F72588B /* Codevisor */ = {
			isa = PBXGroup;
			children = (
				1D7A364C45B2F107A5A9C107 /* DesignSystem */,
				3C0869C883814289ABB1C71A /* Features */,
				9D6436A42CAE79A356029FF7 /* Notifications */,
				E92F1838EA018E22131836EF /* Resources */,
				4F5384CCAC796DACA8A5C9B1 /* Vendor */,
				682A29B006C3A70B0BCEBF54 /* ContentView.swift */,
			);
			path = Codevisor;
			sourceTree = "<group>";
		};
		1D7A364C45B2F107A5A9C107 /* DesignSystem */ = {
			isa = PBXGroup;
			children = (
				ED9722A78A06213B7FA661C9 /* AdaptivePanelLayout.swift */,
				6A58CCEA538A1B06030F6FFD /* ChatSessionLeadingIcon.swift */,
				BF05043399C4B18AFF7A72C6 /* CodeHighlightTheme.swift */,
				C0A77A27B7AFB2116A2E1D26 /* ContentUnavailableViewCompat.swift */,
				E46DDFAFBFC48DB67A0537D3 /* ErrorBannerLayer.swift */,
				A50CC04DDC8BB5CA24C3036C /* HarnessIcon.swift */,
				97EA7D2E1A8EFC32D50D9D6E /* HoverIconButtonStyle.swift */,
				922E494EF3AA31AD0BB9350A /* HoverTracking.swift */,
				8B12824AAC1278E5B3E178FE /* MarkdownThemeAdapter.swift */,
				AC4E7A0B1A97DEE4764C688B /* Motion.swift */,
				D15E67484584E97D490FCBA1 /* ShimmeringText.swift */,
				17A59B188ACD38169657FCB5 /* Theme.swift */,
				9FBD436A88FE1971F5A22AE5 /* ThemedRootModifier.swift */,
				D2A265BCFB5D30B73F83D608 /* ThemedSurface.swift */,
			);
			path = DesignSystem;
			sourceTree = "<group>";
		};
		3C0869C883814289ABB1C71A /* Features */ = {
			isa = PBXGroup;
			children = (
				25EE085CBBDFD294BEADC595 /* Composer */,
				959B77F224E2ADC29C7EB001 /* Debug */,
				A693C11BDBA800A2FF8FBA67 /* Machines */,
				15840D55E0F145954606806F /* Onboarding */,
				D7311BC880E9D42A608D828C /* Panes */,
				6DF0BBEF58B211C86AFCF681 /* Projects */,
				98AC017344A3A30F859CEDF9 /* Scratchpad */,
				2F9BAA7A2B90E2131B71648C /* Session */,
				01920CD0986A8482B13848D6 /* Settings */,
				ED315A9A36B5F61C159C22F9 /* Sidebar */,
				DE56CBA97284D8075D2D3FCE /* Terminal */,
				4062B1176734EB1021B1B205 /* Updates */,
			);
			path = Features;
			sourceTree = "<group>";
		};
		25EE085CBBDFD294BEADC595 /* Composer */ = {
			isa = PBXGroup;
			children = (
				1634089F1DFD256D3436B226 /* ChatInputEditor.swift */,
				9B6085F97D8CB1AB8FB9E70F /* ComposerGlassStyle.swift */,
				59FCB5A5C073C6FB17224E74 /* ComposerView.swift */,
				EC5505733B4F4FC5CAC68F50 /* HarnessUpdateBannerView.swift */,
				2141858CF84C938AA3F0EC63 /* QuestionPickerCard.swift */,
				02342427141EF7CB2759279F /* QuestionPickerFocusAnchor.swift */,
				4342763B92031E4FAFD2EF9C /* UsageRing.swift */,
			);
			path = Composer;
			sourceTree = "<group>";
		};
		959B77F224E2ADC29C7EB001 /* Debug */ = {
			isa = PBXGroup;
			children = (
				949FE45137675CCD9F9425D0 /* DebugMetricsOverlay.swift */,
			);
			path = Debug;
			sourceTree = "<group>";
		};
		A693C11BDBA800A2FF8FBA67 /* Machines */ = {
			isa = PBXGroup;
			children = (
				8A03C00709FA9952A6335553 /* MachineAppearanceViews.swift */,
				5D2050B8FADDF33409051712 /* MachineCommands.swift */,
				BA89317115702AC5A915C792 /* MachineSheets.swift */,
			);
			path = Machines;
			sourceTree = "<group>";
		};
		15840D55E0F145954606806F /* Onboarding */ = {
			isa = PBXGroup;
			children = (
				A1000B7F9140A7CC4251DA6D /* OnboardingView.swift */,
			);
			path = Onboarding;
			sourceTree = "<group>";
		};
		D7311BC880E9D42A608D828C /* Panes */ = {
			isa = PBXGroup;
			children = (
				35498F60CF39B1BF9A489C61 /* ChatPane.swift */,
				09BB4797428D74651EEB2F78 /* NewTabPageView.swift */,
				55C337CDFBED12262EAB917F /* Pane.swift */,
				315720EA17631CC15DA3CEE7 /* PaneGroupModel.swift */,
				A35C73ED28E52631D2DB71F9 /* PaneGroupView.swift */,
				134BC84D2303E1097218C2CC /* PaneTabDrag.swift */,
				221E06CA09C9DDCFECA4733E /* TerminalPane.swift */,
				1DC1EA7F4401E3ECD4020290 /* WorkspaceCommands.swift */,
				3417C9B5F65947FC02AD949F /* WorkspaceRunContext.swift */,
				944E0FBC2CDBB316D2DD8487 /* WorkspaceSplitDrag.swift */,
				1B7528D064BF8CDBA08CBCBD /* WorkspaceSplitView.swift */,
				C9EA8DDAE841C139444C9CC5 /* WorkspaceTabBar.swift */,
			);
			path = Panes;
			sourceTree = "<group>";
		};
		6DF0BBEF58B211C86AFCF681 /* Projects */ = {
			isa = PBXGroup;
			children = (
				01BD271D9AD23A092809A4DA /* AddProjectFlow.swift */,
				C10E19DB00A0F16B183637B4 /* GitCloneSheet.swift */,
				FE843D57C5EAB0B43A5E9EAC /* ProjectSetupPanel.swift */,
				CEB4C4A5598BB27CFA9E67BB /* RemoteDirectoryBrowserSheet.swift */,
			);
			path = Projects;
			sourceTree = "<group>";
		};
		98AC017344A3A30F859CEDF9 /* Scratchpad */ = {
			isa = PBXGroup;
			children = (
				FC534854760CCE6708F8046F /* ScratchpadCommands.swift */,
				396DF1ABAD7B923CAB566C4E /* ScratchpadNotesView.swift */,
				DC7DFF9BBB623643FBFB53F7 /* SessionInspectorView.swift */,
			);
			path = Scratchpad;
			sourceTree = "<group>";
		};
		2F9BAA7A2B90E2131B71648C /* Session */ = {
			isa = PBXGroup;
			children = (
				578912F951B5DB7981164E52 /* AppPreview.swift */,
				75BA9ADDFAF265D45E7D18C6 /* AssistantTurnView.swift */,
				07B4ABB2387D88CCFCE9343A /* AttachmentLightbox.swift */,
				09DD427535AACB6BCDEF35C3 /* AttachmentViews.swift */,
				EC1ABD52B0B5584C7DEC59DF /* BranchDiffBadge.swift */,
				9FD2789DC774D8F7588C9A92 /* ChatScreen.swift */,
				16A6C41F6DBF006C3E1765A8 /* ConversationItemView.swift */,
				711F2FD6CCBCA1899438A10B /* DiffView.swift */,
				201BA15E04DCFDAD8C93453C /* GoalBannerView.swift */,
				CB8AB5D88A5231523E0D3A55 /* MessageCopyButton.swift */,
				6C8061F9F7D2AEA67D946640 /* NativeTranscriptView.swift */,
				9292957C5DEDCB3BF6E0369D /* NewChatView.swift */,
				AD245B94A3DCD1A7BD57B3D5 /* NewWorkspaceView.swift */,
				F13B70E93A0B42272AE8FF87 /* PlanDocumentView.swift */,
				52951FD70C13030C2F973D64 /* SessionContainerView.swift */,
				27E5128B4DA1F7D62C240CCE /* SessionController.swift */,
				2BA654BAF6113C2E9E322274 /* SessionSetupView.swift */,
				B88BEC36EDB303AEC9460C3C /* SessionStore.swift */,
				C3F05CC77ECF8AA1B81B3B79 /* SessionView.swift */,
				05CD566436631DD376E22B19 /* TodoPanelView.swift */,
				8A94D7B746FB488C9D841F66 /* ToolCallRow.swift */,
				854DF0DA8AA516702DAF9AF2 /* ToolGroupView.swift */,
				130ECADFE89950FA2C7FABF4 /* TranscriptEnvironment.swift */,
				20BAB513A481A1B9D0945E62 /* TranscriptItemsView.swift */,
				9C2C8F28CCB7959084B69869 /* WorkspaceCreation.swift */,
			);
			path = Session;
			sourceTree = "<group>";
		};
		01920CD0986A8482B13848D6 /* Settings */ = {
			isa = PBXGroup;
			children = (
				2EEF7671AC9C76FB7EA3DB26 /* AppearanceSettingsView.swift */,
				920AF0592C7F7BB9C9E09816 /* CustomHarnessEditorSheet.swift */,
				15BD1721941D101DC469514B /* HarnessAuthenticationView.swift */,
				5DE22837DE3A2E9A1C4DCFFF /* HarnessDetailSheet.swift */,
				1FC9BCDA025957A9BD3CA4DB /* HarnessInstallHintRow.swift */,
				9A2CD2F7B4544D5EBBACFE79 /* MachinesSettingsView.swift */,
				EBE555B1218BC88AF0058B13 /* McpSettingsView.swift */,
				8C9076AD88F68F7ABB5BA37D /* OpenCodeProviderAuthenticationView.swift */,
				7C108B2604FC0E222AA638A4 /* PiProviderAuthenticationView.swift */,
				52D892D43FF91A23200E5537 /* SettingsDisclosureRow.swift */,
				3310C4FFA03D29489A8C7352 /* SettingsView.swift */,
				E65B41070A3E690853EA05AB /* SkillsSettingsView.swift */,
			);
			path = Settings;
			sourceTree = "<group>";
		};
		ED315A9A36B5F61C159C22F9 /* Sidebar */ = {
			isa = PBXGroup;
			children = (
				793B23AB5EE000697CB7E425 /* FileCommands.swift */,
				65A3F765FDBFF979D83B055A /* IconPickerView.swift */,
				E017C6484FCFA49673E9AED7 /* SidebarView.swift */,
				7627B5765D68A23B41C00DD5 /* UpdateBannerView.swift */,
			);
			path = Sidebar;
			sourceTree = "<group>";
		};
		DE56CBA97284D8075D2D3FCE /* Terminal */ = {
			isa = PBXGroup;
			children = (
				088A76978EE3DE42F9D2C04E /* CodevisorGhosttyApp.swift */,
				463891C1717FA938790187D2 /* GhosttyTerminalSurfaceAdapter.swift */,
				6E2481EC3D32812C60C26AD4 /* TerminalFocus.swift */,
				6FD608EBCF1D70F50E67BF5C /* TerminalSurface.swift */,
				48E4E843838FFB1742A99440 /* TerminalSurfaceView.swift */,
			);
			path = Terminal;
			sourceTree = "<group>";
		};
		4062B1176734EB1021B1B205 /* Updates */ = {
			isa = PBXGroup;
			children = (
				2558A6C07BE4C29A6B09313B /* AppRelauncher.swift */,
				EA946771EBB3C57A967771AB /* AppUpdateCommands.swift */,
				D28952307104671B7167DF0F /* DataUpgradeView.swift */,
				C14F70B71CA7E84AA9EFD18D /* MacServerAgentController.swift */,
			);
			path = Updates;
			sourceTree = "<group>";
		};
		9D6436A42CAE79A356029FF7 /* Notifications */ = {
			isa = PBXGroup;
			children = (
				06A393F43EEF2B6ACBD6AEAB /* ChatNotificationManager.swift */,
			);
			path = Notifications;
			sourceTree = "<group>";
		};
		E92F1838EA018E22131836EF /* Resources */ = {
			isa = PBXGroup;
			children = (
				C5F1C38EA5C00E59C7ECE347 /* AppIcon.icon */,
				7CEE51B5D7D700581EDE8BDE /* AppIconDev.icon */,
				4FC7E17F0FFC3FF9CF529462 /* Assets.xcassets */,
				30032217962CDE7F1A8EF226 /* codevisor-server-agent */,
				EA2F477EF0FA341D34B8B235 /* ghostty-resources.tar.gz */,
			);
			path = Resources;
			sourceTree = "<group>";
		};
		4F5384CCAC796DACA8A5C9B1 /* Vendor */ = {
			isa = PBXGroup;
			children = (
				EC45465A8B3DEAA1C745B28F /* GhosttySwift */,
			);
			path = Vendor;
			sourceTree = "<group>";
		};
		EC45465A8B3DEAA1C745B28F /* GhosttySwift */ = {
			isa = PBXGroup;
			children = (
				15F28BFF72FBBD09C8B6D69D /* Features */,
				57B2678CB3D8A841F419C847 /* Ghostty */,
				95FE9AB2804DCF878D03222C /* Helpers */,
			);
			path = GhosttySwift;
			sourceTree = "<group>";
		};
		15F28BFF72FBBD09C8B6D69D /* Features */ = {
			isa = PBXGroup;
			children = (
				49DBF1591FB7F1525076BB37 /* SecureInput.swift */,
			);
			path = Features;
			sourceTree = "<group>";
		};
		57B2678CB3D8A841F419C847 /* Ghostty */ = {
			isa = PBXGroup;
			children = (
				65EF689BFC44710210831914 /* Surface View */,
				B0FBEBDB7B6EE45C3121AF1B /* Ghostty.Action.swift */,
				FD930F9D18B1CCA4ED73609C /* Ghostty.ChildExitedMessage.swift */,
				B1981013DB2092D1B32F532C /* Ghostty.Command.swift */,
				07BA658F86D207DCC07F2C91 /* Ghostty.Config.swift */,
				02B3745D434A6AA5E8B5F6D8 /* Ghostty.ConfigTypes.swift */,
				8012C72CB99801E66F790C52 /* Ghostty.Error.swift */,
				5A23131A47342A6DEF435E1A /* Ghostty.Input.swift */,
				DF1BE4A06EFE115893D14016 /* Ghostty.Inspector.swift */,
				694EE73AC159B477754098B2 /* Ghostty.Shell.swift */,
				C0620DB9E8A9C78716AB0C46 /* Ghostty.Surface.swift */,
				4398D4A1D1EF29FD1B35F9CA /* GhosttyPackage.swift */,
				16A94E94152D221978B3DFCF /* GhosttyPackageMeta.swift */,
				873C0BB58836EEEEE0E2DBED /* NSEvent+Extension.swift */,
			);
			path = Ghostty;
			sourceTree = "<group>";
		};
		65EF689BFC44710210831914 /* Surface View */ = {
			isa = PBXGroup;
			children = (
				6F4859F9724C24FEF7CB52C5 /* OSSurfaceView.swift */,
				59EABF7E81EB2C7A591BCD17 /* SurfaceConfiguration.swift */,
				FBDEF8DF3F57114033300351 /* SurfaceView_AppKit.swift */,
			);
			path = "Surface View";
			sourceTree = "<group>";
		};
		95FE9AB2804DCF878D03222C /* Helpers */ = {
			isa = PBXGroup;
			children = (
				75C4943849AD3085E322DBB1 /* Extensions */,
				40837A72CDC6534A983FB57F /* AppInfo.swift */,
				7283E5B881538F36FD453FFB /* CrossKit.swift */,
				A7371B1AB4B503209D0C73ED /* Cursor.swift */,
				184F47A77E18639400D263DB /* KeyboardLayout.swift */,
			);
			path = Helpers;
			sourceTree = "<group>";
		};
		75C4943849AD3085E322DBB1 /* Extensions */ = {
			isa = PBXGroup;
			children = (
				8C391161EB24A90A98867A5F /* Array+Extension.swift */,
				C30D0C951E5CCBC92ED39658 /* EventModifiers+Extension.swift */,
				7ADA154812C6BB46DB86D74C /* NSAppearance+Extension.swift */,
				A6BF902D55D1667D96ECCD5D /* NSMenuItem+Extension.swift */,
				881313AB2A13956A8DBFA7EF /* NSPasteboard+Extension.swift */,
				BF5BD925167F1CDB04E40F57 /* NSScreen+Extension.swift */,
				70E654132AFC9A8F46E72A39 /* OSColor+Extension.swift */,
				55BFFB9875D6AC5AD3A87CBA /* OSPasteboard+Extension.swift */,
				60A73C41EC7CF2C15C257D4D /* Optional+Extension.swift */,
				BBB095CF2FBFD3CEC1C2D104 /* UUID+Extension.swift */,
				D48C3EC52B6A85D9AD6A69D0 /* UserDefaults+Extension.swift */,
			);
			path = Extensions;
			sourceTree = "<group>";
		};
		000000000000000000000030 /* Frameworks */ = {isa = PBXGroup; children = (); name = Frameworks; sourceTree = "<group>"; };
		000000000000000000000020 /* Products */ = {isa = PBXGroup; children = (000000000000000000000120 /* Codevisor.app */,); name = Products; sourceTree = "<group>"; };
/* End PBXGroup section */

/* Begin PBXNativeTarget section */
		000000000000000100000000 /* Codevisor */ = {
			isa = PBXNativeTarget;
			buildConfigurationList = 000000000000000110000000 /* Build configuration list for PBXNativeTarget "Codevisor" */;
			buildPhases = (000000000000000120000000 /* Sources */, 000000000000000130000000 /* Frameworks */, 000000000000000140000000 /* Resources */,);
			buildRules = ();
			dependencies = ();
			name = Codevisor;
			packageProductDependencies = (
				FC8A03202FF3634D00689171 /* ACPKit */,
				FC8A03222FF3634D00689171 /* StreamMarkdown */,
				FCE74E8F2FF368F000B42227 /* CodevisorTheming */,
				FCE74E912FF368F000B42227 /* CodeHighlighter */,
				FCE74E8C2FF368F000B42227 /* CodevisorCore */,
			);
			productName = Codevisor;
			productReference = 000000000000000000000120 /* Codevisor.app */;
			productType = "com.apple.product-type.application";
		};
/* End PBXNativeTarget section */

/* Begin PBXProject section */
		000000000000000000000000 /* Project object */ = {
			isa = PBXProject;
			attributes = { BuildIndependentTargetsInParallel = 1; LastSwiftUpdateCheck = 1500; LastUpgradeCheck = 1500; };
			buildConfigurationList = 000000000000000010000000 /* Build configuration list for PBXProject "Codevisor" */;
			compatibilityVersion = "Xcode 15.0";
			developmentRegion = en;
			hasScannedForEncodings = 0;
			knownRegions = (en, Base,);
			mainGroup = 000000000000000000000001;
			packageReferences = (FC8A031D2FF3634D00689171 /* XCLocalSwiftPackageReference "Packages" */,);
			productRefGroup = 000000000000000000000020 /* Products */;
			projectDirPath = "";
			projectRoot = "";
			targets = (000000000000000100000000 /* Codevisor */,);
		};
/* End PBXProject section */

/* Begin PBXResourcesBuildPhase section */
		000000000000000140000000 /* Resources */ = {
			isa = PBXResourcesBuildPhase;
			buildActionMask = 2147483647;
			files = (
				9D39FA03253CD79957B9A794 /* AppIcon.icon in Resources */,
				83AF2ADE0D9C971260447FEB /* AppIconDev.icon in Resources */,
				9B67F078C467375B87CF2278 /* Assets.xcassets in Resources */,
				079256109CD9E3479BDEF42F /* codevisor-server-agent in Resources */,
				D80515DF86293855E7EAE902 /* ghostty-resources.tar.gz in Resources */,
			);
			runOnlyForDeploymentPostprocessing = 0;
		};
/* End PBXResourcesBuildPhase section */

/* Begin PBXSourcesBuildPhase section */
		000000000000000120000000 /* Sources */ = {
			isa = PBXSourcesBuildPhase;
			buildActionMask = 2147483647;
			files = (
				10FE2D41C9D8254154DB3BB9 /* ContentView.swift in Sources */,
				C310601040145B05400F6EC9 /* AdaptivePanelLayout.swift in Sources */,
				C83528ED0C2E8B05107E42B2 /* ChatSessionLeadingIcon.swift in Sources */,
				98313CDC84E60207EBE0FE29 /* CodeHighlightTheme.swift in Sources */,
				5AE4EB6174DB7D228B468F5A /* ContentUnavailableViewCompat.swift in Sources */,
				2DB40F6D89302DF17A73A4E0 /* ErrorBannerLayer.swift in Sources */,
				DE2F19EA3B2755BE0837B351 /* HarnessIcon.swift in Sources */,
				33D1813BF3E5652C2CB1B9D0 /* HoverIconButtonStyle.swift in Sources */,
				35B98B9CE3104A386700E7CD /* HoverTracking.swift in Sources */,
				5DC09F948E37D9DB0EEC866A /* MarkdownThemeAdapter.swift in Sources */,
				99E4531B26579564C28BE2A5 /* Motion.swift in Sources */,
				89D0AD2EC23922C6316A4F5D /* ShimmeringText.swift in Sources */,
				4315A7894D8F939BED71FF9A /* Theme.swift in Sources */,
				CC172575869EB7F3DF6699C1 /* ThemedRootModifier.swift in Sources */,
				4D453C38CCA29F6757586650 /* ThemedSurface.swift in Sources */,
				943B8A3B4CFBA961DD1922DD /* ChatInputEditor.swift in Sources */,
				FBDDB34B63DF782781E7E3B2 /* ComposerGlassStyle.swift in Sources */,
				8FE03B21F830E86FD1290C5D /* ComposerView.swift in Sources */,
				B2CBD904402924D2D35995EF /* HarnessUpdateBannerView.swift in Sources */,
				200337E0377A39CE40D02392 /* QuestionPickerCard.swift in Sources */,
				BE881ACB3630E8A88DB4FD3A /* QuestionPickerFocusAnchor.swift in Sources */,
				B95C854CAE766D4369760E12 /* UsageRing.swift in Sources */,
				84376A53C0D59D5480FB210F /* DebugMetricsOverlay.swift in Sources */,
				2334DBAC0855768A51813724 /* MachineAppearanceViews.swift in Sources */,
				5818C705A7DA06D3465F26BC /* MachineCommands.swift in Sources */,
				A43D5A555B986E2913E162D2 /* MachineSheets.swift in Sources */,
				98F5C1AEE60ECD57810D962F /* OnboardingView.swift in Sources */,
				05F4D9062911B754B145FC38 /* ChatPane.swift in Sources */,
				C6BE0F534742070080413775 /* NewTabPageView.swift in Sources */,
				7563B1CBC9B7AEDA97354B1F /* Pane.swift in Sources */,
				74B89C9DE7E4C3F64EA7F6AB /* PaneGroupModel.swift in Sources */,
				7157AD6E92EF879B40F401AA /* PaneGroupView.swift in Sources */,
				DAE0658E315A66C977DBCF03 /* PaneTabDrag.swift in Sources */,
				224AD3800171914ACBB3CC15 /* TerminalPane.swift in Sources */,
				1F73B94BDDA86E6501E344E6 /* WorkspaceCommands.swift in Sources */,
				70C5BF860CDDE4A386886E7C /* WorkspaceRunContext.swift in Sources */,
				E35023770A2029A765732395 /* WorkspaceSplitDrag.swift in Sources */,
				CBE5049AC408DBE52C6A9FED /* WorkspaceSplitView.swift in Sources */,
				59C2DF7544F50F58C61EFC8B /* WorkspaceTabBar.swift in Sources */,
				15F64DAEEC5065AEA2EE0529 /* AddProjectFlow.swift in Sources */,
				EC6943529BFDC149AB6A7609 /* GitCloneSheet.swift in Sources */,
				74A58DE4C4B63FD14DE526FD /* ProjectSetupPanel.swift in Sources */,
				AD3D62B489743BFB892DF6E2 /* RemoteDirectoryBrowserSheet.swift in Sources */,
				D27E51E8C924DD7E5785C4E6 /* ScratchpadCommands.swift in Sources */,
				443FF55D52B7CEA645602465 /* ScratchpadNotesView.swift in Sources */,
				2515F94F12D2DE3710468515 /* SessionInspectorView.swift in Sources */,
				C741C27629B81258F2F4D630 /* AppPreview.swift in Sources */,
				08AE2F8D55F09C23D81A3FB7 /* AssistantTurnView.swift in Sources */,
				8A8759AC57DD71FE15E3AA5B /* AttachmentLightbox.swift in Sources */,
				2EF369B779740FCB727C6F8D /* AttachmentViews.swift in Sources */,
				54555B7A1F75E576C3C2E8AC /* BranchDiffBadge.swift in Sources */,
				A66E86E2CB736E3F291F7DCA /* ChatScreen.swift in Sources */,
				8AA48B025CAF971CCBBE9CCA /* ConversationItemView.swift in Sources */,
				9D2F95DA28C8D40DE752459B /* DiffView.swift in Sources */,
				5BF06E7757577E8B967B91F7 /* GoalBannerView.swift in Sources */,
				425E1D1BCB28EEEABB84B662 /* MessageCopyButton.swift in Sources */,
				2C48D49B8C43EB5D92D93B24 /* NativeTranscriptView.swift in Sources */,
				D62D7E900C90174E655C843F /* NewChatView.swift in Sources */,
				F1CF09C44CAE0196A24FF4B7 /* NewWorkspaceView.swift in Sources */,
				A9BBEE9582A3BDC558C2A9AE /* PlanDocumentView.swift in Sources */,
				A494F340610F979A1361EBA5 /* SessionContainerView.swift in Sources */,
				726B81A3CF2E6928CCA72C56 /* SessionController.swift in Sources */,
				9278CC74BFE2AC597B842BA9 /* SessionSetupView.swift in Sources */,
				91B1EE4080AA122FAA64A7D1 /* SessionStore.swift in Sources */,
				8B585F5456AF306AB040BD48 /* SessionView.swift in Sources */,
				D705108AC0E36ED15D07E6FC /* TodoPanelView.swift in Sources */,
				FB67042568973880D11680E4 /* ToolCallRow.swift in Sources */,
				5E852A263479E5D21EC1810F /* ToolGroupView.swift in Sources */,
				479E1A93560607EDD030BAB5 /* TranscriptEnvironment.swift in Sources */,
				74AFEA8D39D3E5CF8828292F /* TranscriptItemsView.swift in Sources */,
				B790BBA960089D5B20C8A6B1 /* WorkspaceCreation.swift in Sources */,
				C5D576B5915D2D7266C2F886 /* AppearanceSettingsView.swift in Sources */,
				369A644C359B80CB621F9CF0 /* CustomHarnessEditorSheet.swift in Sources */,
				FB12FF48009714B43F26827A /* HarnessAuthenticationView.swift in Sources */,
				10083BBED741F4ED56AC140A /* HarnessDetailSheet.swift in Sources */,
				FE4FAFD938113091A3A81B77 /* HarnessInstallHintRow.swift in Sources */,
				7615F1C2E18DA37F2AC44448 /* MachinesSettingsView.swift in Sources */,
				D9A5E8C7E56EFFCB4EEBD268 /* McpSettingsView.swift in Sources */,
				89DB0681BFDE4501C594DCA9 /* OpenCodeProviderAuthenticationView.swift in Sources */,
				6CE7C347EE0CD10361A45529 /* PiProviderAuthenticationView.swift in Sources */,
				578A5C6944322F26F55D07B7 /* SettingsDisclosureRow.swift in Sources */,
				EDAA48915914A13A41E9F83C /* SettingsView.swift in Sources */,
				174FAD4D73D92FB81533C7DB /* SkillsSettingsView.swift in Sources */,
				AA6751E4E3131645F2A652BC /* FileCommands.swift in Sources */,
				D115E0F6C6A43E5F2B789D91 /* IconPickerView.swift in Sources */,
				7496CD7180595DFF8407245E /* SidebarView.swift in Sources */,
				E016B83A2CAAACBB98E6B794 /* UpdateBannerView.swift in Sources */,
				0377CF01993ED33AC87482DE /* CodevisorGhosttyApp.swift in Sources */,
				9A4FEE68E7801D5F6A94BC26 /* GhosttyTerminalSurfaceAdapter.swift in Sources */,
				88B49258A88670D824D74930 /* TerminalFocus.swift in Sources */,
				13A84BD2FAEEED45693B1719 /* TerminalSurface.swift in Sources */,
				EBDCF9E281EB39700313BE3E /* TerminalSurfaceView.swift in Sources */,
				E369B5E05FE2CCF36104C468 /* AppRelauncher.swift in Sources */,
				1D1C804F0ECD30CDD0A8C34F /* AppUpdateCommands.swift in Sources */,
				0803F0301F7BA9101A98E52E /* DataUpgradeView.swift in Sources */,
				C34B3284916252245D117417 /* MacServerAgentController.swift in Sources */,
				5F82FD62418C96F888E4A9AC /* ChatNotificationManager.swift in Sources */,
				51AEAD65F24779EF7CBD7A79 /* SecureInput.swift in Sources */,
				09C2654C2F7A0FA12352958F /* Ghostty.Action.swift in Sources */,
				D2FAFA9EAE711F504CED6427 /* Ghostty.ChildExitedMessage.swift in Sources */,
				AE35A93E2857F348780095B6 /* Ghostty.Command.swift in Sources */,
				35F43331469AD94378917FF7 /* Ghostty.Config.swift in Sources */,
				6EC8E38705F5E7460FE32F45 /* Ghostty.ConfigTypes.swift in Sources */,
				DAF111FB5B2FAD21F3794CDB /* Ghostty.Error.swift in Sources */,
				FA4D25E91C014B4C5964249A /* Ghostty.Input.swift in Sources */,
				53217774EA040888995AB7BD /* Ghostty.Inspector.swift in Sources */,
				9C55A9A46E48FA2E69413BCB /* Ghostty.Shell.swift in Sources */,
				87190874E95320B5984B8A8C /* Ghostty.Surface.swift in Sources */,
				6A5AECD2F881732C069F3E32 /* GhosttyPackage.swift in Sources */,
				58886B1665271B10BD575D47 /* GhosttyPackageMeta.swift in Sources */,
				D4DF2943DF93EDD5D717051C /* NSEvent+Extension.swift in Sources */,
				BF953A4DD4F69ECBFA5B2F6D /* OSSurfaceView.swift in Sources */,
				F3A970DF54213EE31C032573 /* SurfaceConfiguration.swift in Sources */,
				5C73CE8B1908F3EE4A3F1C71 /* SurfaceView_AppKit.swift in Sources */,
				7DFEAB56CE14379DE6092EE4 /* AppInfo.swift in Sources */,
				CA23C796C5BF1780A4281F43 /* CrossKit.swift in Sources */,
				DDD1FA1399D37C2D8057C94B /* Cursor.swift in Sources */,
				AD89505F706BA7087E3548D6 /* Array+Extension.swift in Sources */,
				3532F937F393E62CFC566114 /* EventModifiers+Extension.swift in Sources */,
				DF0D595B018F881203DE8552 /* NSAppearance+Extension.swift in Sources */,
				498FE4A1F0DACD113920F54D /* NSMenuItem+Extension.swift in Sources */,
				84FBF859607466F3D8A3F512 /* NSPasteboard+Extension.swift in Sources */,
				8247F10D59D7F4C9A619FD74 /* NSScreen+Extension.swift in Sources */,
				B0DAD9CEA13D22310A4CCD33 /* OSColor+Extension.swift in Sources */,
				3F48DA2C93D62F0A65915F42 /* OSPasteboard+Extension.swift in Sources */,
				6746BAE3BAB50BC9DCF5A6AF /* Optional+Extension.swift in Sources */,
				68369C04AF1FB9D6365AF0BE /* UUID+Extension.swift in Sources */,
				1DD4C789DF1919E60F105B81 /* UserDefaults+Extension.swift in Sources */,
				A27CD0D6D5F661BDBBC2AC09 /* KeyboardLayout.swift in Sources */,
			);
			runOnlyForDeploymentPostprocessing = 0;
		};
/* End PBXSourcesBuildPhase section */

/* Begin XCBuildConfiguration section */
		000000000000000011000000 /* Debug */ = {
			isa = XCBuildConfiguration;
			buildSettings = {
				ALWAYS_SEARCH_USER_PATHS = NO;
				CLANG_ANALYZER_NONNULL = YES;
				CLANG_ANALYZER_NUMBER_OBJECT_CONVERSION = YES_AGGRESSIVE;
				CLANG_CXX_LANGUAGE_STANDARD = "gnu++14";
				CLANG_ENABLE_MODULES = YES;
				CLANG_ENABLE_OBJC_ARC = YES;
				CLANG_WARN_BLOCK_CAPTURE_AUTORELEASING = YES;
				CLANG_WARN_BOOL_CONVERSION = YES;
				CLANG_WARN_COMMA = YES;
				CLANG_WARN_CONSTANT_CONVERSION = YES;
				CLANG_WARN_DEPRECATED_OBJC_IMPLEMENTATIONS = YES;
				CLANG_WARN_DIRECT_OBJC_ISA_USAGE = YES_ERROR;
				CLANG_WARN_EMPTY_BODY = YES;
				CLANG_WARN_ENUM_CONVERSION = YES;
				CLANG_WARN_INFINITE_RECURSION = YES;
				CLANG_WARN_INT_CONVERSION = YES;
				CLANG_WARN_NON_LITERAL_NULL_CONVERSION = YES;
				CLANG_WARN_OBJC_IMPLICIT_RETAIN_SELF = YES;
				CLANG_WARN_OBJC_LITERAL_CONVERSION = YES;
				CLANG_WARN_OBJC_ROOT_CLASS = YES_ERROR;
				CLANG_WARN_QUOTED_INCLUDE_IN_FRAMEWORK_HEADER = YES;
				CLANG_WARN_RANGE_LOOP_ANALYSIS = YES;
				CLANG_WARN_STRICT_PROTOTYPES = YES;
				CLANG_WARN_SUSPICIOUS_MOVE = YES;
				CLANG_WARN_UNGUARDED_AVAILABILITY = YES_AGGRESSIVE;
				CLANG_WARN_UNREACHABLE_CODE = YES;
				CLANG_WARN__DUPLICATE_METHOD_MATCH = YES;
				GCC_C_LANGUAGE_STANDARD = gnu17;
				GCC_NO_COMMON_BLOCKS = YES;
				GCC_WARN_64_TO_32_BIT_CONVERSION = YES;
				GCC_WARN_ABOUT_RETURN_TYPE = YES_ERROR;
				GCC_WARN_UNDECLARED_SELECTOR = YES;
				GCC_WARN_UNINITIALIZED_AUTOS = YES_AGGRESSIVE;
				GCC_WARN_UNUSED_FUNCTION = YES;
				GCC_WARN_UNUSED_VARIABLE = YES;
				MACOSX_DEPLOYMENT_TARGET = 13.0;
				SDKROOT = macosx;
				SUPPORTED_PLATFORMS = macosx;
				SWIFT_VERSION = 5.0;
				COPY_PHASE_STRIP = NO;
				DEBUG_INFORMATION_FORMAT = dwarf;
				ENABLE_TESTABILITY = YES;
				GCC_OPTIMIZATION_LEVEL = 0;
				SWIFT_ACTIVE_COMPILATION_CONDITIONS = "DEBUG $(inherited)";
				SWIFT_OPTIMIZATION_LEVEL = "-Onone";
			};
			name = Debug;
		};
		000000000000000012000000 /* Release */ = {
			isa = XCBuildConfiguration;
			buildSettings = {
				ALWAYS_SEARCH_USER_PATHS = NO;
				CLANG_ANALYZER_NONNULL = YES;
				CLANG_ANALYZER_NUMBER_OBJECT_CONVERSION = YES_AGGRESSIVE;
				CLANG_CXX_LANGUAGE_STANDARD = "gnu++14";
				CLANG_ENABLE_MODULES = YES;
				CLANG_ENABLE_OBJC_ARC = YES;
				CLANG_WARN_BLOCK_CAPTURE_AUTORELEASING = YES;
				CLANG_WARN_BOOL_CONVERSION = YES;
				CLANG_WARN_COMMA = YES;
				CLANG_WARN_CONSTANT_CONVERSION = YES;
				CLANG_WARN_DEPRECATED_OBJC_IMPLEMENTATIONS = YES;
				CLANG_WARN_DIRECT_OBJC_ISA_USAGE = YES_ERROR;
				CLANG_WARN_EMPTY_BODY = YES;
				CLANG_WARN_ENUM_CONVERSION = YES;
				CLANG_WARN_INFINITE_RECURSION = YES;
				CLANG_WARN_INT_CONVERSION = YES;
				CLANG_WARN_NON_LITERAL_NULL_CONVERSION = YES;
				CLANG_WARN_OBJC_IMPLICIT_RETAIN_SELF = YES;
				CLANG_WARN_OBJC_LITERAL_CONVERSION = YES;
				CLANG_WARN_OBJC_ROOT_CLASS = YES_ERROR;
				CLANG_WARN_QUOTED_INCLUDE_IN_FRAMEWORK_HEADER = YES;
				CLANG_WARN_RANGE_LOOP_ANALYSIS = YES;
				CLANG_WARN_STRICT_PROTOTYPES = YES;
				CLANG_WARN_SUSPICIOUS_MOVE = YES;
				CLANG_WARN_UNGUARDED_AVAILABILITY = YES_AGGRESSIVE;
				CLANG_WARN_UNREACHABLE_CODE = YES;
				CLANG_WARN__DUPLICATE_METHOD_MATCH = YES;
				GCC_C_LANGUAGE_STANDARD = gnu17;
				GCC_NO_COMMON_BLOCKS = YES;
				GCC_WARN_64_TO_32_BIT_CONVERSION = YES;
				GCC_WARN_ABOUT_RETURN_TYPE = YES_ERROR;
				GCC_WARN_UNDECLARED_SELECTOR = YES;
				GCC_WARN_UNINITIALIZED_AUTOS = YES_AGGRESSIVE;
				GCC_WARN_UNUSED_FUNCTION = YES;
				GCC_WARN_UNUSED_VARIABLE = YES;
				MACOSX_DEPLOYMENT_TARGET = 13.0;
				SDKROOT = macosx;
				SUPPORTED_PLATFORMS = macosx;
				SWIFT_VERSION = 5.0;
				COPY_PHASE_STRIP = YES;
				DEBUG_INFORMATION_FORMAT = "dwarf-with-dsym";
				ENABLE_NS_ASSERTIONS = NO;
				SWIFT_COMPILATION_MODE = wholemodule;
			};
			name = Release;
		};
		000000000000000111000000 /* Debug */ = {
			isa = XCBuildConfiguration;
			buildSettings = {
				CODE_SIGN_STYLE = Automatic;
				CURRENT_PROJECT_VERSION = 1;
				ENABLE_APP_SANDBOX = NO;
				GENERATE_INFOPLIST_FILE = YES;
				INFOPLIST_FILE = Info.plist;
				LD_RUNPATH_SEARCH_PATHS = "@executable_path/../Frameworks";
				MACOSX_DEPLOYMENT_TARGET = 13.0;
				MARKETING_VERSION = 1.0;
				SDKROOT = macosx;
				SUPPORTED_PLATFORMS = macosx;
				SWIFT_VERSION = 5.0;
				ASSETCATALOG_COMPILER_APPICON_NAME = AppIconDev;
				INFOPLIST_KEY_CFBundleDisplayName = "Codevisor Dev";
				PRODUCT_BUNDLE_IDENTIFIER = com.851labs.Codevisor.Development;
				PRODUCT_NAME = "Codevisor Dev";
			};
			name = Debug;
		};
		000000000000000112000000 /* Release */ = {
			isa = XCBuildConfiguration;
			buildSettings = {
				CODE_SIGN_STYLE = Automatic;
				CURRENT_PROJECT_VERSION = 1;
				ENABLE_APP_SANDBOX = NO;
				GENERATE_INFOPLIST_FILE = YES;
				INFOPLIST_FILE = Info.plist;
				LD_RUNPATH_SEARCH_PATHS = "@executable_path/../Frameworks";
				MACOSX_DEPLOYMENT_TARGET = 13.0;
				MARKETING_VERSION = 1.0;
				SDKROOT = macosx;
				SUPPORTED_PLATFORMS = macosx;
				SWIFT_VERSION = 5.0;
				ASSETCATALOG_COMPILER_APPICON_NAME = AppIcon;
				INFOPLIST_KEY_CFBundleDisplayName = Codevisor;
				PRODUCT_BUNDLE_IDENTIFIER = com.851labs.Codevisor;
				PRODUCT_NAME = Codevisor;
			};
			name = Release;
		};
/* End XCBuildConfiguration section */

/* Begin XCConfigurationList section */
		000000000000000010000000 /* Build configuration list for PBXProject "Codevisor" */ = {
			isa = XCConfigurationList;
			buildConfigurations = (000000000000000011000000 /* Debug */, 000000000000000012000000 /* Release */,);
			defaultConfigurationIsVisible = 0;
			defaultConfigurationName = Release;
		};
		000000000000000110000000 /* Build configuration list for PBXNativeTarget "Codevisor" */ = {
			isa = XCConfigurationList;
			buildConfigurations = (000000000000000111000000 /* Debug */, 000000000000000112000000 /* Release */,);
			defaultConfigurationIsVisible = 0;
			defaultConfigurationName = Release;
		};
/* End XCConfigurationList section */

/* Begin XCLocalSwiftPackageReference section */
		FC8A031D2FF3634D00689171 /* XCLocalSwiftPackageReference "Packages" */ = {
			isa = XCLocalSwiftPackageReference;
			relativePath = Packages;
		};
/* End XCLocalSwiftPackageReference section */

/* Begin XCSwiftPackageProductDependency section */
		FC8A03202FF3634D00689171 /* ACPKit */ = {
			isa = XCSwiftPackageProductDependency;
			package = FC8A031D2FF3634D00689171 /* XCLocalSwiftPackageReference "Packages" */;
			productName = ACPKit;
		};
		FC8A03222FF3634D00689171 /* StreamMarkdown */ = {
			isa = XCSwiftPackageProductDependency;
			package = FC8A031D2FF3634D00689171 /* XCLocalSwiftPackageReference "Packages" */;
			productName = StreamMarkdown;
		};
		FCE74E8F2FF368F000B42227 /* CodevisorTheming */ = {
			isa = XCSwiftPackageProductDependency;
			package = FC8A031D2FF3634D00689171 /* XCLocalSwiftPackageReference "Packages" */;
			productName = CodevisorTheming;
		};
		FCE74E912FF368F000B42227 /* CodeHighlighter */ = {
			isa = XCSwiftPackageProductDependency;
			package = FC8A031D2FF3634D00689171 /* XCLocalSwiftPackageReference "Packages" */;
			productName = CodeHighlighter;
		};
		FCE74E8C2FF368F000B42227 /* CodevisorCore */ = {
			isa = XCSwiftPackageProductDependency;
			package = FC8A031D2FF3634D00689171 /* XCLocalSwiftPackageReference "Packages" */;
			productName = CodevisorCore;
		};
/* End XCSwiftPackageProductDependency section */

	};
	rootObject = 000000000000000000000000 /* Project object */;
}
